// !$*UTF8*$!
{
	archiveVersion = 1;
	classes = {
	};
	objectVersion = 56;
	objects = {

/* Begin PBXBuildFile section */
		CA2A4182291A2F290089A2E4 /* Colors.xcassets in Resources */ = {isa = PBXBuildFile; fileRef = CA2A4181291A2F290089A2E4 /* Colors.xcassets */; };
		CA2A418B291A32630089A2E4 /* HomeViewController.swift in Sources */ = {isa = PBXBuildFile; fileRef = CA2A418A291A32630089A2E4 /* HomeViewController.swift */; };
		CA2A418D291A32670089A2E4 /* HomeBuild.swift in Sources */ = {isa = PBXBuildFile; fileRef = CA2A418C291A32670089A2E4 /* HomeBuild.swift */; };
		CA2A418F291A328E0089A2E4 /* HomeRouter.swift in Sources */ = {isa = PBXBuildFile; fileRef = CA2A418E291A328E0089A2E4 /* HomeRouter.swift */; };
		CA2A4192291A33070089A2E4 /* BaseRouter.swift in Sources */ = {isa = PBXBuildFile; fileRef = CA2A4191291A33070089A2E4 /* BaseRouter.swift */; };
		CA2A4194291A3FBA0089A2E4 /* BaseController.swift in Sources */ = {isa = PBXBuildFile; fileRef = CA2A4193291A3FBA0089A2E4 /* BaseController.swift */; };
		CA2A419B291A41200089A2E4 /* InfoView.swift in Sources */ = {isa = PBXBuildFile; fileRef = CA2A419A291A41200089A2E4 /* InfoView.swift */; };
		CA2A41A2291A4EFC0089A2E4 /* BaseTabBarViewController.swift in Sources */ = {isa = PBXBuildFile; fileRef = CA2A41A1291A4EFC0089A2E4 /* BaseTabBarViewController.swift */; };
		CA2A41A4291A4F450089A2E4 /* MainTabBarViewController.swift in Sources */ = {isa = PBXBuildFile; fileRef = CA2A41A3291A4F450089A2E4 /* MainTabBarViewController.swift */; };
		CA2A41A6291A4FA00089A2E4 /* MainTabBar.swift in Sources */ = {isa = PBXBuildFile; fileRef = CA2A41A5291A4FA00089A2E4 /* MainTabBar.swift */; };
		CA2A41A8291A51540089A2E4 /* MainTabBarBuild.swift in Sources */ = {isa = PBXBuildFile; fileRef = CA2A41A7291A51540089A2E4 /* MainTabBarBuild.swift */; };
		CA2A41AB291A5BE30089A2E4 /* BaseNavigationController.swift in Sources */ = {isa = PBXBuildFile; fileRef = CA2A41AA291A5BE30089A2E4 /* BaseNavigationController.swift */; };
		CA3BB41A291A258F008FDC90 /* ComponentsUI.framework in Frameworks */ = {isa = PBXBuildFile; fileRef = CA3BB419291A258F008FDC90 /* ComponentsUI.framework */; };
		CA94F893291A889000E02F6D /* ProfileBuild.swift in Sources */ = {isa = PBXBuildFile; fileRef = CA94F892291A889000E02F6D /* ProfileBuild.swift */; };
		CA94F895291A88A200E02F6D /* ProfileRouter.swift in Sources */ = {isa = PBXBuildFile; fileRef = CA94F894291A88A200E02F6D /* ProfileRouter.swift */; };
		CA94F897291A88BD00E02F6D /* ProfileViewController.swift in Sources */ = {isa = PBXBuildFile; fileRef = CA94F896291A88BD00E02F6D /* ProfileViewController.swift */; };
		CA94F89A291A88E400E02F6D /* ProfileInfoView.swift in Sources */ = {isa = PBXBuildFile; fileRef = CA94F899291A88E400E02F6D /* ProfileInfoView.swift */; };
		CA94F89C291A921B00E02F6D /* ProfileMeasureView.swift in Sources */ = {isa = PBXBuildFile; fileRef = CA94F89B291A921B00E02F6D /* ProfileMeasureView.swift */; };
		CA94F89E291AA24F00E02F6D /* HealthKitHelper.swift in Sources */ = {isa = PBXBuildFile; fileRef = CA94F89D291AA24F00E02F6D /* HealthKitHelper.swift */; };
		CA94F8A0291AA26200E02F6D /* HealthKitError.swift in Sources */ = {isa = PBXBuildFile; fileRef = CA94F89F291AA26200E02F6D /* HealthKitError.swift */; };
		CA9CCB99291A791D00DE18ED /* WalkView.swift in Sources */ = {isa = PBXBuildFile; fileRef = CA9CCB98291A791D00DE18ED /* WalkView.swift */; };
		CA9CCB9B291A79DE00DE18ED /* CircularProgresView.swift in Sources */ = {isa = PBXBuildFile; fileRef = CA9CCB9A291A79DE00DE18ED /* CircularProgresView.swift */; };
		CAFB8A6A2919A3C7004BF972 /* AppDelegate.swift in Sources */ = {isa = PBXBuildFile; fileRef = CAFB8A692919A3C7004BF972 /* AppDelegate.swift */; };
		CAFB8A6C2919A3C7004BF972 /* SceneDelegate.swift in Sources */ = {isa = PBXBuildFile; fileRef = CAFB8A6B2919A3C7004BF972 /* SceneDelegate.swift */; };
		CAFB8A732919A3C8004BF972 /* Assets.xcassets in Resources */ = {isa = PBXBuildFile; fileRef = CAFB8A722919A3C8004BF972 /* Assets.xcassets */; };
		CAFB8A762919A3C8004BF972 /* LaunchScreen.storyboard in Resources */ = {isa = PBXBuildFile; fileRef = CAFB8A742919A3C8004BF972 /* LaunchScreen.storyboard */; };
/* End PBXBuildFile section */

/* Begin PBXFileReference section */
		CA2A4181291A2F290089A2E4 /* Colors.xcassets */ = {isa = PBXFileReference; lastKnownFileType = folder.assetcatalog; path = Colors.xcassets; sourceTree = "<group>"; };
		CA2A418A291A32630089A2E4 /* HomeViewController.swift */ = {isa = PBXFileReference; lastKnownFileType = sourcecode.swift; path = HomeViewController.swift; sourceTree = "<group>"; };
		CA2A418C291A32670089A2E4 /* HomeBuild.swift */ = {isa = PBXFileReference; lastKnownFileType = sourcecode.swift; path = HomeBuild.swift; sourceTree = "<group>"; };
		CA2A418E291A328E0089A2E4 /* HomeRouter.swift */ = {isa = PBXFileReference; lastKnownFileType = sourcecode.swift; path = HomeRouter.swift; sourceTree = "<group>"; };
		CA2A4191291A33070089A2E4 /* BaseRouter.swift */ = {isa = PBXFileReference; lastKnownFileType = sourcecode.swift; path = BaseRouter.swift; sourceTree = "<group>"; };
		CA2A4193291A3FBA0089A2E4 /* BaseController.swift */ = {isa = PBXFileReference; lastKnownFileType = sourcecode.swift; path = BaseController.swift; sourceTree = "<group>"; };
		CA2A419A291A41200089A2E4 /* InfoView.swift */ = {isa = PBXFileReference; lastKnownFileType = sourcecode.swift; path = InfoView.swift; sourceTree = "<group>"; };
		CA2A41A1291A4EFC0089A2E4 /* BaseTabBarViewController.swift */ = {isa = PBXFileReference; lastKnownFileType = sourcecode.swift; path = BaseTabBarViewController.swift; sourceTree = "<group>"; };
		CA2A41A3291A4F450089A2E4 /* MainTabBarViewController.swift */ = {isa = PBXFileReference; lastKnownFileType = sourcecode.swift; path = MainTabBarViewController.swift; sourceTree = "<group>"; };
		CA2A41A5291A4FA00089A2E4 /* MainTabBar.swift */ = {isa = PBXFileReference; lastKnownFileType = sourcecode.swift; path = MainTabBar.swift; sourceTree = "<group>"; };
		CA2A41A7291A51540089A2E4 /* MainTabBarBuild.swift */ = {isa = PBXFileReference; lastKnownFileType = sourcecode.swift; path = MainTabBarBuild.swift; sourceTree = "<group>"; };
		CA2A41AA291A5BE30089A2E4 /* BaseNavigationController.swift */ = {isa = PBXFileReference; lastKnownFileType = sourcecode.swift; path = BaseNavigationController.swift; sourceTree = "<group>"; };
		CA3BB419291A258F008FDC90 /* ComponentsUI.framework */ = {isa = PBXFileReference; explicitFileType = wrapper.framework; path = ComponentsUI.framework; sourceTree = BUILT_PRODUCTS_DIR; };
		CA94F892291A889000E02F6D /* ProfileBuild.swift */ = {isa = PBXFileReference; lastKnownFileType = sourcecode.swift; path = ProfileBuild.swift; sourceTree = "<group>"; };
		CA94F894291A88A200E02F6D /* ProfileRouter.swift */ = {isa = PBXFileReference; lastKnownFileType = sourcecode.swift; path = ProfileRouter.swift; sourceTree = "<group>"; };
		CA94F896291A88BD00E02F6D /* ProfileViewController.swift */ = {isa = PBXFileReference; lastKnownFileType = sourcecode.swift; path = ProfileViewController.swift; sourceTree = "<group>"; };
		CA94F899291A88E400E02F6D /* ProfileInfoView.swift */ = {isa = PBXFileReference; lastKnownFileType = sourcecode.swift; path = ProfileInfoView.swift; sourceTree = "<group>"; };
		CA94F89B291A921B00E02F6D /* ProfileMeasureView.swift */ = {isa = PBXFileReference; lastKnownFileType = sourcecode.swift; path = ProfileMeasureView.swift; sourceTree = "<group>"; };
		CA94F89D291AA24F00E02F6D /* HealthKitHelper.swift */ = {isa = PBXFileReference; lastKnownFileType = sourcecode.swift; path = HealthKitHelper.swift; sourceTree = "<group>"; };
		CA94F89F291AA26200E02F6D /* HealthKitError.swift */ = {isa = PBXFileReference; lastKnownFileType = sourcecode.swift; path = HealthKitError.swift; sourceTree = "<group>"; };
		CA9CCB98291A791D00DE18ED /* WalkView.swift */ = {isa = PBXFileReference; lastKnownFileType = sourcecode.swift; path = WalkView.swift; sourceTree = "<group>"; };
		CA9CCB9A291A79DE00DE18ED /* CircularProgresView.swift */ = {isa = PBXFileReference; lastKnownFileType = sourcecode.swift; path = CircularProgresView.swift; sourceTree = "<group>"; };
		CAFB8A662919A3C7004BF972 /* HealthActivity.app */ = {isa = PBXFileReference; explicitFileType = wrapper.application; includeInIndex = 0; path = HealthActivity.app; sourceTree = BUILT_PRODUCTS_DIR; };
		CAFB8A692919A3C7004BF972 /* AppDelegate.swift */ = {isa = PBXFileReference; lastKnownFileType = sourcecode.swift; path = AppDelegate.swift; sourceTree = "<group>"; };
		CAFB8A6B2919A3C7004BF972 /* SceneDelegate.swift */ = {isa = PBXFileReference; lastKnownFileType = sourcecode.swift; path = SceneDelegate.swift; sourceTree = "<group>"; };
		CAFB8A722919A3C8004BF972 /* Assets.xcassets */ = {isa = PBXFileReference; lastKnownFileType = folder.assetcatalog; path = Assets.xcassets; sourceTree = "<group>"; };
		CAFB8A752919A3C8004BF972 /* Base */ = {isa = PBXFileReference; lastKnownFileType = file.storyboard; name = Base; path = Base.lproj/LaunchScreen.storyboard; sourceTree = "<group>"; };
		CAFB8A772919A3C8004BF972 /* Info.plist */ = {isa = PBXFileReference; lastKnownFileType = text.plist.xml; path = Info.plist; sourceTree = "<group>"; };
/* End PBXFileReference section */

/* Begin PBXFrameworksBuildPhase section */
		CAFB8A632919A3C7004BF972 /* Frameworks */ = {
			isa = PBXFrameworksBuildPhase;
			buildActionMask = 2147483647;
			files = (
				CA3BB41A291A258F008FDC90 /* ComponentsUI.framework in Frameworks */,
			);
			runOnlyForDeploymentPostprocessing = 0;
		};
/* End PBXFrameworksBuildPhase section */

/* Begin PBXGroup section */
		CA2A4180291A2F200089A2E4 /* Resources */ = {
			isa = PBXGroup;
			children = (
				CA2A4196291A40F90089A2E4 /* Utilities */,
				CA2A4195291A40F50089A2E4 /* Assets */,
			);
			path = Resources;
			sourceTree = "<group>";
		};
		CA2A4183291A2F2C0089A2E4 /* App */ = {
			isa = PBXGroup;
			children = (
				CAFB8A692919A3C7004BF972 /* AppDelegate.swift */,
				CAFB8A6B2919A3C7004BF972 /* SceneDelegate.swift */,
			);
			path = App;
			sourceTree = "<group>";
		};
		CA2A4184291A2F360089A2E4 /* Flow */ = {
			isa = PBXGroup;
			children = (
				CA2A4188291A32520089A2E4 /* TabBar */,
			);
			path = Flow;
			sourceTree = "<group>";
		};
		CA2A4188291A32520089A2E4 /* TabBar */ = {
			isa = PBXGroup;
			children = (
				CA2A41A9291A51EC0089A2E4 /* TabBarFlow */,
				CA2A4189291A32570089A2E4 /* HomeFlow */,
				CA94F891291A888400E02F6D /* ProfileFlow */,
			);
			path = TabBar;
			sourceTree = "<group>";
		};
		CA2A4189291A32570089A2E4 /* HomeFlow */ = {
			isa = PBXGroup;
			children = (
				CA2A418C291A32670089A2E4 /* HomeBuild.swift */,
				CA2A418A291A32630089A2E4 /* HomeViewController.swift */,
				CA2A418E291A328E0089A2E4 /* HomeRouter.swift */,
			);
			path = HomeFlow;
			sourceTree = "<group>";
		};
		CA2A4190291A32900089A2E4 /* Base */ = {
			isa = PBXGroup;
			children = (
				CA2A4191291A33070089A2E4 /* BaseRouter.swift */,
				CA2A4193291A3FBA0089A2E4 /* BaseController.swift */,
				CA2A41A1291A4EFC0089A2E4 /* BaseTabBarViewController.swift */,
				CA2A41AA291A5BE30089A2E4 /* BaseNavigationController.swift */,
			);
			path = Base;
			sourceTree = "<group>";
		};
		CA2A4195291A40F50089A2E4 /* Assets */ = {
			isa = PBXGroup;
			children = (
				CAFB8A722919A3C8004BF972 /* Assets.xcassets */,
				CA2A4181291A2F290089A2E4 /* Colors.xcassets */,
			);
			path = Assets;
			sourceTree = "<group>";
		};
		CA2A4196291A40F90089A2E4 /* Utilities */ = {
			isa = PBXGroup;
			children = (
				CA94F8A1291AA27900E02F6D /* HealthKit */,
				CA2A4199291A41060089A2E4 /* View */,
			);
			path = Utilities;
			sourceTree = "<group>";
		};
		CA2A4199291A41060089A2E4 /* View */ = {
			isa = PBXGroup;
			children = (
				CA2A419A291A41200089A2E4 /* InfoView.swift */,
				CA9CCB98291A791D00DE18ED /* WalkView.swift */,
				CA9CCB9A291A79DE00DE18ED /* CircularProgresView.swift */,
			);
			path = View;
			sourceTree = "<group>";
		};
		CA2A41A9291A51EC0089A2E4 /* TabBarFlow */ = {
			isa = PBXGroup;
			children = (
				CA2A41A7291A51540089A2E4 /* MainTabBarBuild.swift */,
				CA2A41A3291A4F450089A2E4 /* MainTabBarViewController.swift */,
				CA2A41A5291A4FA00089A2E4 /* MainTabBar.swift */,
			);
			path = TabBarFlow;
			sourceTree = "<group>";
		};
		CA3BB418291A258F008FDC90 /* Frameworks */ = {
			isa = PBXGroup;
			children = (
				CA3BB419291A258F008FDC90 /* ComponentsUI.framework */,
			);
			name = Frameworks;
			sourceTree = "<group>";
		};
		CA94F891291A888400E02F6D /* ProfileFlow */ = {
			isa = PBXGroup;
			children = (
				CA94F892291A889000E02F6D /* ProfileBuild.swift */,
				CA94F894291A88A200E02F6D /* ProfileRouter.swift */,
				CA94F896291A88BD00E02F6D /* ProfileViewController.swift */,
				CA94F898291A88D700E02F6D /* ProfileInfoView */,
			);
			path = ProfileFlow;
			sourceTree = "<group>";
		};
		CA94F898291A88D700E02F6D /* ProfileInfoView */ = {
			isa = PBXGroup;
			children = (
				CA94F899291A88E400E02F6D /* ProfileInfoView.swift */,
				CA94F89B291A921B00E02F6D /* ProfileMeasureView.swift */,
			);
			path = ProfileInfoView;
			sourceTree = "<group>";
		};
		CA94F8A1291AA27900E02F6D /* HealthKit */ = {
			isa = PBXGroup;
			children = (
				CA94F89D291AA24F00E02F6D /* HealthKitHelper.swift */,
				CA94F89F291AA26200E02F6D /* HealthKitError.swift */,
			);
			path = HealthKit;
			sourceTree = "<group>";
		};
		CAFB8A5D2919A3C7004BF972 = {
			isa = PBXGroup;
			children = (
				CAFB8A682919A3C7004BF972 /* HealthActivity */,
				CAFB8A672919A3C7004BF972 /* Products */,
				CA3BB418291A258F008FDC90 /* Frameworks */,
			);
			sourceTree = "<group>";
		};
		CAFB8A672919A3C7004BF972 /* Products */ = {
			isa = PBXGroup;
			children = (
				CAFB8A662919A3C7004BF972 /* HealthActivity.app */,
			);
			name = Products;
			sourceTree = "<group>";
		};
		CAFB8A682919A3C7004BF972 /* HealthActivity */ = {
			isa = PBXGroup;
			children = (
				CA2A4183291A2F2C0089A2E4 /* App */,
				CA2A4190291A32900089A2E4 /* Base */,
				CA2A4184291A2F360089A2E4 /* Flow */,
				CA2A4180291A2F200089A2E4 /* Resources */,
				CAFB8A742919A3C8004BF972 /* LaunchScreen.storyboard */,
				CAFB8A772919A3C8004BF972 /* Info.plist */,
			);
			path = HealthActivity;
			sourceTree = "<group>";
		};
/* End PBXGroup section */

/* Begin PBXNativeTarget section */
		CAFB8A652919A3C7004BF972 /* HealthActivity */ = {
			isa = PBXNativeTarget;
			buildConfigurationList = CAFB8A7A2919A3C8004BF972 /* Build configuration list for PBXNativeTarget "HealthActivity" */;
			buildPhases = (
				CAFB8A622919A3C7004BF972 /* Sources */,
				CAFB8A632919A3C7004BF972 /* Frameworks */,
				CAFB8A642919A3C7004BF972 /* Resources */,
			);
			buildRules = (
			);
			dependencies = (
			);
			name = HealthActivity;
			productName = HealthActivity;
			productReference = CAFB8A662919A3C7004BF972 /* HealthActivity.app */;
			productType = "com.apple.product-type.application";
		};
/* End PBXNativeTarget section */

/* Begin PBXProject section */
		CAFB8A5E2919A3C7004BF972 /* Project object */ = {
			isa = PBXProject;
			attributes = {
				BuildIndependentTargetsInParallel = 1;
				LastSwiftUpdateCheck = 1410;
				LastUpgradeCheck = 1410;
				TargetAttributes = {
					CAFB8A652919A3C7004BF972 = {
						CreatedOnToolsVersion = 14.1;
					};
				};
			};
			buildConfigurationList = CAFB8A612919A3C7004BF972 /* Build configuration list for PBXProject "HealthActivity" */;
			compatibilityVersion = "Xcode 14.0";
			developmentRegion = en;
			hasScannedForEncodings = 0;
			knownRegions = (
				en,
				Base,
			);
			mainGroup = CAFB8A5D2919A3C7004BF972;
			productRefGroup = CAFB8A672919A3C7004BF972 /* Products */;
			projectDirPath = "";
			projectRoot = "";
			targets = (
				CAFB8A652919A3C7004BF972 /* HealthActivity */,
			);
		};
/* End PBXProject section */

/* Begin PBXResourcesBuildPhase section */
		CAFB8A642919A3C7004BF972 /* Resources */ = {
			isa = PBXResourcesBuildPhase;
			buildActionMask = 2147483647;
			files = (
				CAFB8A762919A3C8004BF972 /* LaunchScreen.storyboard in Resources */,
				CA2A4182291A2F290089A2E4 /* Colors.xcassets in Resources */,
				CAFB8A732919A3C8004BF972 /* Assets.xcassets in Resources */,
			);
			runOnlyForDeploymentPostprocessing = 0;
		};
/* End PBXResourcesBuildPhase section */

/* Begin PBXSourcesBuildPhase section */
		CAFB8A622919A3C7004BF972 /* Sources */ = {
			isa = PBXSourcesBuildPhase;
			buildActionMask = 2147483647;
			files = (
				CA2A41AB291A5BE30089A2E4 /* BaseNavigationController.swift in Sources */,
				CA2A419B291A41200089A2E4 /* InfoView.swift in Sources */,
				CA2A418F291A328E0089A2E4 /* HomeRouter.swift in Sources */,
				CA94F8A0291AA26200E02F6D /* HealthKitError.swift in Sources */,
				CA9CCB9B291A79DE00DE18ED /* CircularProgresView.swift in Sources */,
				CA94F89A291A88E400E02F6D /* ProfileInfoView.swift in Sources */,
				CA2A4192291A33070089A2E4 /* BaseRouter.swift in Sources */,
				CA2A41A2291A4EFC0089A2E4 /* BaseTabBarViewController.swift in Sources */,
				CA94F897291A88BD00E02F6D /* ProfileViewController.swift in Sources */,
				CA9CCB99291A791D00DE18ED /* WalkView.swift in Sources */,
				CA94F895291A88A200E02F6D /* ProfileRouter.swift in Sources */,
				CA2A41A6291A4FA00089A2E4 /* MainTabBar.swift in Sources */,
				CA2A41A8291A51540089A2E4 /* MainTabBarBuild.swift in Sources */,
				CA2A4194291A3FBA0089A2E4 /* BaseController.swift in Sources */,
				CA2A41A4291A4F450089A2E4 /* MainTabBarViewController.swift in Sources */,
				CAFB8A6A2919A3C7004BF972 /* AppDelegate.swift in Sources */,
				CA2A418D291A32670089A2E4 /* HomeBuild.swift in Sources */,
				CAFB8A6C2919A3C7004BF972 /* SceneDelegate.swift in Sources */,
				CA94F89C291A921B00E02F6D /* ProfileMeasureView.swift in Sources */,
				CA94F89E291AA24F00E02F6D /* HealthKitHelper.swift in Sources */,
				CA94F893291A889000E02F6D /* ProfileBuild.swift in Sources */,
				CA2A418B291A32630089A2E4 /* HomeViewController.swift in Sources */,
			);
			runOnlyForDeploymentPostprocessing = 0;
		};
/* End PBXSourcesBuildPhase section */

/* Begin PBXVariantGroup section */
		CAFB8A742919A3C8004BF972 /* LaunchScreen.storyboard */ = {
			isa = PBXVariantGroup;
			children = (
				CAFB8A752919A3C8004BF972 /* Base */,
			);
			name = LaunchScreen.storyboard;
			sourceTree = "<group>";
		};
/* End PBXVariantGroup section */

/* Begin XCBuildConfiguration section */
		CAFB8A782919A3C8004BF972 /* Debug */ = {
			isa = XCBuildConfiguration;
			buildSettings = {
				ALWAYS_SEARCH_USER_PATHS = NO;
				CLANG_ANALYZER_NONNULL = YES;
				CLANG_ANALYZER_NUMBER_OBJECT_CONVERSION = YES_AGGRESSIVE;
				CLANG_CXX_LANGUAGE_STANDARD = "gnu++20";
				CLANG_ENABLE_MODULES = YES;
				CLANG_ENABLE_OBJC_ARC = YES;
				CLANG_ENABLE_OBJC_WEAK = YES;
				CLANG_WARN_BLOCK_CAPTURE_AUTORELEASING = YES;
				CLANG_WARN_BOOL_CONVERSION = YES;
				CLANG_WARN_COMMA = YES;
				CLANG_WARN_CONSTANT_CONVERSION = YES;
				CLANG_WARN_DEPRECATED_OBJC_IMPLEMENTATIONS = YES;
				CLANG_WARN_DIRECT_OBJC_ISA_USAGE = YES_ERROR;
				CLANG_WARN_DOCUMENTATION_COMMENTS = YES;
				CLANG_WARN_EMPTY_BODY = YES;
				CLANG_WARN_ENUM_CONVERSION = YES;
				CLANG_WARN_INFINITE_RECURSION = YES;
				CLANG_WARN_INT_CONVERSION = YES;
				CLANG_WARN_NON_LITERAL_NULL_CONVERSION = YES;
				CLANG_WARN_OBJC_IMPLICIT_RETAIN_SELF = YES;
				CLANG_WARN_OBJC_LITERAL_CONVERSION = YES;
				CLANG_WARN_OBJC_ROOT_CLASS = YES_ERROR;
				CLANG_WARN_QUOTED_INCLUDE_IN_FRAMEWORK_HEADER = YES;
				CLANG_WARN_RANGE_LOOP_ANALYSIS = YES;
				CLANG_WARN_STRICT_PROTOTYPES = YES;
				CLANG_WARN_SUSPICIOUS_MOVE = YES;
				CLANG_WARN_UNGUARDED_AVAILABILITY = YES_AGGRESSIVE;
				CLANG_WARN_UNREACHABLE_CODE = YES;
				CLANG_WARN__DUPLICATE_METHOD_MATCH = YES;
				COPY_PHASE_STRIP = NO;
				DEBUG_INFORMATION_FORMAT = dwarf;
				ENABLE_STRICT_OBJC_MSGSEND = YES;
				ENABLE_TESTABILITY = YES;
				GCC_C_LANGUAGE_STANDARD = gnu11;
				GCC_DYNAMIC_NO_PIC = NO;
				GCC_NO_COMMON_BLOCKS = YES;
				GCC_OPTIMIZATION_LEVEL = 0;
				GCC_PREPROCESSOR_DEFINITIONS = (
					"DEBUG=1",
					"$(inherited)",
				);
				GCC_WARN_64_TO_32_BIT_CONVERSION = YES;
				GCC_WARN_ABOUT_RETURN_TYPE = YES_ERROR;
				GCC_WARN_UNDECLARED_SELECTOR = YES;
				GCC_WARN_UNINITIALIZED_AUTOS = YES_AGGRESSIVE;
				GCC_WARN_UNUSED_FUNCTION = YES;
				GCC_WARN_UNUSED_VARIABLE = YES;
				IPHONEOS_DEPLOYMENT_TARGET = 16.1;
				MTL_ENABLE_DEBUG_INFO = INCLUDE_SOURCE;
				MTL_FAST_MATH = YES;
				ONLY_ACTIVE_ARCH = YES;
				SDKROOT = iphoneos;
				SWIFT_ACTIVE_COMPILATION_CONDITIONS = DEBUG;
				SWIFT_OPTIMIZATION_LEVEL = "-Onone";
			};
			name = Debug;
		};
		CAFB8A792919A3C8004BF972 /* Release */ = {
			isa = XCBuildConfiguration;
			buildSettings = {
				ALWAYS_SEARCH_USER_PATHS = NO;
				CLANG_ANALYZER_NONNULL = YES;
				CLANG_ANALYZER_NUMBER_OBJECT_CONVERSION = YES_AGGRESSIVE;
				CLANG_CXX_LANGUAGE_STANDARD = "gnu++20";
				CLANG_ENABLE_MODULES = YES;
				CLANG_ENABLE_OBJC_ARC = YES;
				CLANG_ENABLE_OBJC_WEAK = YES;
				CLANG_WARN_BLOCK_CAPTURE_AUTORELEASING = YES;
				CLANG_WARN_BOOL_CONVERSION = YES;
				CLANG_WARN_COMMA = YES;
				CLANG_WARN_CONSTANT_CONVERSION = YES;
				CLANG_WARN_DEPRECATED_OBJC_IMPLEMENTATIONS = YES;
				CLANG_WARN_DIRECT_OBJC_ISA_USAGE = YES_ERROR;
				CLANG_WARN_DOCUMENTATION_COMMENTS = YES;
				CLANG_WARN_EMPTY_BODY = YES;
				CLANG_WARN_ENUM_CONVERSION = YES;
				CLANG_WARN_INFINITE_RECURSION = YES;
				CLANG_WARN_INT_CONVERSION = YES;
				CLANG_WARN_NON_LITERAL_NULL_CONVERSION = YES;
				CLANG_WARN_OBJC_IMPLICIT_RETAIN_SELF = YES;
				CLANG_WARN_OBJC_LITERAL_CONVERSION = YES;
				CLANG_WARN_OBJC_ROOT_CLASS = YES_ERROR;
				CLANG_WARN_QUOTED_INCLUDE_IN_FRAMEWORK_HEADER = YES;
				CLANG_WARN_RANGE_LOOP_ANALYSIS = YES;
				CLANG_WARN_STRICT_PROTOTYPES = YES;
				CLANG_WARN_SUSPICIOUS_MOVE = YES;
				CLANG_WARN_UNGUARDED_AVAILABILITY = YES_AGGRESSIVE;
				CLANG_WARN_UNREACHABLE_CODE = YES;
				CLANG_WARN__DUPLICATE_METHOD_MATCH = YES;
				COPY_PHASE_STRIP = NO;
				DEBUG_INFORMATION_FORMAT = "dwarf-with-dsym";
				ENABLE_NS_ASSERTIONS = NO;
				ENABLE_STRICT_OBJC_MSGSEND = YES;
				GCC_C_LANGUAGE_STANDARD = gnu11;
				GCC_NO_COMMON_BLOCKS = YES;
				GCC_WARN_64_TO_32_BIT_CONVERSION = YES;
				GCC_WARN_ABOUT_RETURN_TYPE = YES_ERROR;
				GCC_WARN_UNDECLARED_SELECTOR = YES;
				GCC_WARN_UNINITIALIZED_AUTOS = YES_AGGRESSIVE;
				GCC_WARN_UNUSED_FUNCTION = YES;
				GCC_WARN_UNUSED_VARIABLE = YES;
				IPHONEOS_DEPLOYMENT_TARGET = 16.1;
				MTL_ENABLE_DEBUG_INFO = NO;
				MTL_FAST_MATH = YES;
				SDKROOT = iphoneos;
				SWIFT_COMPILATION_MODE = wholemodule;
				SWIFT_OPTIMIZATION_LEVEL = "-O";
				VALIDATE_PRODUCT = YES;
			};
			name = Release;
		};
		CAFB8A7B2919A3C8004BF972 /* Debug */ = {
			isa = XCBuildConfiguration;
			buildSettings = {
				ASSETCATALOG_COMPILER_APPICON_NAME = AppIcon;
				ASSETCATALOG_COMPILER_GLOBAL_ACCENT_COLOR_NAME = AccentColor;
				CODE_SIGN_STYLE = Automatic;
				CURRENT_PROJECT_VERSION = 1;
				DEVELOPMENT_TEAM = 9K7RDBSH2X;
				GENERATE_INFOPLIST_FILE = YES;
				INFOPLIST_FILE = HealthActivity/Info.plist;
				INFOPLIST_KEY_UIApplicationSupportsIndirectInputEvents = YES;
				INFOPLIST_KEY_UILaunchStoryboardName = LaunchScreen;
				INFOPLIST_KEY_UISupportedInterfaceOrientations = UIInterfaceOrientationPortrait;
				INFOPLIST_KEY_UISupportedInterfaceOrientations_iPad = "UIInterfaceOrientationLandscapeLeft UIInterfaceOrientationLandscapeRight UIInterfaceOrientationPortrait UIInterfaceOrientationPortraitUpsideDown";
				IPHONEOS_DEPLOYMENT_TARGET = 13.0;
				LD_RUNPATH_SEARCH_PATHS = (
					"$(inherited)",
					"@executable_path/Frameworks",
				);
				MARKETING_VERSION = 1.0;
				PRODUCT_BUNDLE_IDENTIFIER = com.base.components.HealthActivity;
				PRODUCT_NAME = "$(TARGET_NAME)";
				SUPPORTED_PLATFORMS = "iphoneos iphonesimulator";
				SUPPORTS_MACCATALYST = NO;
				SUPPORTS_MAC_DESIGNED_FOR_IPHONE_IPAD = NO;
				SWIFT_EMIT_LOC_STRINGS = YES;
				SWIFT_VERSION = 5.0;
				TARGETED_DEVICE_FAMILY = 1;
			};
			name = Debug;
		};
		CAFB8A7C2919A3C8004BF972 /* Release */ = {
			isa = XCBuildConfiguration;
			buildSettings = {
				ASSETCATALOG_COMPILER_APPICON_NAME = AppIcon;
				ASSETCATALOG_COMPILER_GLOBAL_ACCENT_COLOR_NAME = AccentColor;
				CODE_SIGN_STYLE = Automatic;
				CURRENT_PROJECT_VERSION = 1;
				DEVELOPMENT_TEAM = 9K7RDBSH2X;
				GENERATE_INFOPLIST_FILE = YES;
				INFOPLIST_FILE = HealthActivity/Info.plist;
				INFOPLIST_KEY_UIApplicationSupportsIndirectInputEvents = YES;
				INFOPLIST_KEY_UILaunchStoryboardName = LaunchScreen;
				INFOPLIST_KEY_UISupportedInterfaceOrientations = UIInterfaceOrientationPortrait;
				INFOPLIST_KEY_UISupportedInterfaceOrientations_iPad = "UIInterfaceOrientationLandscapeLeft UIInterfaceOrientationLandscapeRight UIInterfaceOrientationPortrait UIInterfaceOrientationPortraitUpsideDown";
				IPHONEOS_DEPLOYMENT_TARGET = 13.0;
				LD_RUNPATH_SEARCH_PATHS = (
					"$(inherited)",
					"@executable_path/Frameworks",
				);
				MARKETING_VERSION = 1.0;
				PRODUCT_BUNDLE_IDENTIFIER = com.base.components.HealthActivity;
				PRODUCT_NAME = "$(TARGET_NAME)";
				SUPPORTED_PLATFORMS = "iphoneos iphonesimulator";
				SUPPORTS_MACCATALYST = NO;
				SUPPORTS_MAC_DESIGNED_FOR_IPHONE_IPAD = NO;
				SWIFT_EMIT_LOC_STRINGS = YES;
				SWIFT_VERSION = 5.0;
				TARGETED_DEVICE_FAMILY = 1;
			};
			name = Release;
		};
/* End XCBuildConfiguration section */

/* Begin XCConfigurationList section */
		CAFB8A612919A3C7004BF972 /* Build configuration list for PBXProject "HealthActivity" */ = {
			isa = XCConfigurationList;
			buildConfigurations = (
				CAFB8A782919A3C8004BF972 /* Debug */,
				CAFB8A792919A3C8004BF972 /* Release */,
			);
			defaultConfigurationIsVisible = 0;
			defaultConfigurationName = Release;
		};
		CAFB8A7A2919A3C8004BF972 /* Build configuration list for PBXNativeTarget "HealthActivity" */ = {
			isa = XCConfigurationList;
			buildConfigurations = (
				CAFB8A7B2919A3C8004BF972 /* Debug */,
				CAFB8A7C2919A3C8004BF972 /* Release */,
			);
			defaultConfigurationIsVisible = 0;
			defaultConfigurationName = Release;
		};
/* End XCConfigurationList section */
	};
	rootObject = CAFB8A5E2919A3C7004BF972 /* Project object */;
}
