// !$*UTF8*$!
{
	archiveVersion = 1;
	classes = {
	};
	objectVersion = 56;
	objects = {

/* Begin PBXBuildFile section */
		C5250B3B4C345762AE0E492F /* Pods_HealthActivity.framework in Frameworks */ = {isa = PBXBuildFile; fileRef = D046635BBC1F09295BEC1592 /* Pods_HealthActivity.framework */; };
		CA2A4182291A2F290089A2E4 /* Colors.xcassets in Resources */ = {isa = PBXBuildFile; fileRef = CA2A4181291A2F290089A2E4 /* Colors.xcassets */; };
		CA2A418B291A32630089A2E4 /* HomeViewController.swift in Sources */ = {isa = PBXBuildFile; fileRef = CA2A418A291A32630089A2E4 /* HomeViewController.swift */; };
		CA2A418D291A32670089A2E4 /* HomeBuild.swift in Sources */ = {isa = PBXBuildFile; fileRef = CA2A418C291A32670089A2E4 /* HomeBuild.swift */; };
		CA2A418F291A328E0089A2E4 /* HomeRouter.swift in Sources */ = {isa = PBXBuildFile; fileRef = CA2A418E291A328E0089A2E4 /* HomeRouter.swift */; };
		CA2A4192291A33070089A2E4 /* BaseRouter.swift in Sources */ = {isa = PBXBuildFile; fileRef = CA2A4191291A33070089A2E4 /* BaseRouter.swift */; };
		CA2A4194291A3FBA0089A2E4 /* BaseController.swift in Sources */ = {isa = PBXBuildFile; fileRef = CA2A4193291A3FBA0089A2E4 /* BaseController.swift */; };
		CA2A419B291A41200089A2E4 /* InfoView.swift in Sources */ = {isa = PBXBuildFile; fileRef = CA2A419A291A41200089A2E4 /* InfoView.swift */; };
		CA2A41A2291A4EFC0089A2E4 /* BaseTabBarViewController.swift in Sources */ = {isa = PBXBuildFile; fileRef = CA2A41A1291A4EFC0089A2E4 /* BaseTabBarViewController.swift */; };
		CA2A41A4291A4F450089A2E4 /* MainTabBarViewController.swift in Sources */ = {isa = PBXBuildFile; fileRef = CA2A41A3291A4F450089A2E4 /* MainTabBarViewController.swift */; };
		CA2A41A8291A51540089A2E4 /* MainTabBarBuild.swift in Sources */ = {isa = PBXBuildFile; fileRef = CA2A41A7291A51540089A2E4 /* MainTabBarBuild.swift */; };
		CA2A41AB291A5BE30089A2E4 /* BaseNavigationController.swift in Sources */ = {isa = PBXBuildFile; fileRef = CA2A41AA291A5BE30089A2E4 /* BaseNavigationController.swift */; };
		CA50EF2B291CF58900F3955E /* ActivityView.swift in Sources */ = {isa = PBXBuildFile; fileRef = CA50EF2A291CF58900F3955E /* ActivityView.swift */; };
		CA50EF2E291D0A5600F3955E /* StatusBuild.swift in Sources */ = {isa = PBXBuildFile; fileRef = CA50EF2D291D0A5600F3955E /* StatusBuild.swift */; };
		CA50EF30291D0A5D00F3955E /* StatusViewController.swift in Sources */ = {isa = PBXBuildFile; fileRef = CA50EF2F291D0A5D00F3955E /* StatusViewController.swift */; };
		CA50EF32291D0A6400F3955E /* StatusRouter.swift in Sources */ = {isa = PBXBuildFile; fileRef = CA50EF31291D0A6400F3955E /* StatusRouter.swift */; };
		CA50EF34291D0A6900F3955E /* StatusView.swift in Sources */ = {isa = PBXBuildFile; fileRef = CA50EF33291D0A6900F3955E /* StatusView.swift */; };
		CA50EF36291D1AC300F3955E /* HealthManager.swift in Sources */ = {isa = PBXBuildFile; fileRef = CA50EF35291D1AC300F3955E /* HealthManager.swift */; };
		CA50EF38291D1F1C00F3955E /* UIViewControllerExtension.swift in Sources */ = {isa = PBXBuildFile; fileRef = CA50EF37291D1F1C00F3955E /* UIViewControllerExtension.swift */; };
		CA50EF3A291D77FD00F3955E /* PersonalInfoViewModel.swift in Sources */ = {isa = PBXBuildFile; fileRef = CA50EF39291D77FD00F3955E /* PersonalInfoViewModel.swift */; };
		CA50EF3C291D78B300F3955E /* BaseViewModel.swift in Sources */ = {isa = PBXBuildFile; fileRef = CA50EF3B291D78B300F3955E /* BaseViewModel.swift */; };
		CA50EF3E291D79D300F3955E /* ProfileViewModel.swift in Sources */ = {isa = PBXBuildFile; fileRef = CA50EF3D291D79D300F3955E /* ProfileViewModel.swift */; };
		CA50EF41291D7FD300F3955E /* DoubleExtension.swift in Sources */ = {isa = PBXBuildFile; fileRef = CA50EF40291D7FD300F3955E /* DoubleExtension.swift */; };
		CA50EF43291D808900F3955E /* IntExtension.swift in Sources */ = {isa = PBXBuildFile; fileRef = CA50EF42291D808900F3955E /* IntExtension.swift */; };
		CA50EF45291F700200F3955E /* InfoGraphView.swift in Sources */ = {isa = PBXBuildFile; fileRef = CA50EF44291F700200F3955E /* InfoGraphView.swift */; };
		CA50EF4729213A6D00F3955E /* ActivityViewModel.swift in Sources */ = {isa = PBXBuildFile; fileRef = CA50EF4629213A6D00F3955E /* ActivityViewModel.swift */; };
		CA520C3229222169002D6400 /* HomeViewModel.swift in Sources */ = {isa = PBXBuildFile; fileRef = CA520C3129222169002D6400 /* HomeViewModel.swift */; };
		CA7D04AD29253A7C009620F5 /* ProgressCell.swift in Sources */ = {isa = PBXBuildFile; fileRef = CA7D04AC29253A7C009620F5 /* ProgressCell.swift */; };
		CA7D04AF29253C54009620F5 /* StatusProgressView.swift in Sources */ = {isa = PBXBuildFile; fileRef = CA7D04AE29253C54009620F5 /* StatusProgressView.swift */; };
		CA7D04B129253CF3009620F5 /* UICollectionViewExtension.swift in Sources */ = {isa = PBXBuildFile; fileRef = CA7D04B029253CF3009620F5 /* UICollectionViewExtension.swift */; };
		CA7D04B329253D33009620F5 /* BaseCollectionView.swift in Sources */ = {isa = PBXBuildFile; fileRef = CA7D04B229253D33009620F5 /* BaseCollectionView.swift */; };
		CA7D04B5292551D3009620F5 /* DateExtension.swift in Sources */ = {isa = PBXBuildFile; fileRef = CA7D04B4292551D3009620F5 /* DateExtension.swift */; };
		CA7D04BA29262448009620F5 /* SplashViewController.swift in Sources */ = {isa = PBXBuildFile; fileRef = CA7D04B929262448009620F5 /* SplashViewController.swift */; };
		CA7D04BE29262453009620F5 /* SplashBuild.swift in Sources */ = {isa = PBXBuildFile; fileRef = CA7D04BD29262453009620F5 /* SplashBuild.swift */; };
		CA7D04C22926388B009620F5 /* UserDefaultStorage.swift in Sources */ = {isa = PBXBuildFile; fileRef = CA7D04C12926388B009620F5 /* UserDefaultStorage.swift */; };
		CA7D04C4292639B1009620F5 /* AppBuilder.swift in Sources */ = {isa = PBXBuildFile; fileRef = CA7D04C3292639B1009620F5 /* AppBuilder.swift */; };
		CA94F893291A889000E02F6D /* ProfileBuild.swift in Sources */ = {isa = PBXBuildFile; fileRef = CA94F892291A889000E02F6D /* ProfileBuild.swift */; };
		CA94F895291A88A200E02F6D /* ProfileRouter.swift in Sources */ = {isa = PBXBuildFile; fileRef = CA94F894291A88A200E02F6D /* ProfileRouter.swift */; };
		CA94F897291A88BD00E02F6D /* ProfileViewController.swift in Sources */ = {isa = PBXBuildFile; fileRef = CA94F896291A88BD00E02F6D /* ProfileViewController.swift */; };
		CA94F89A291A88E400E02F6D /* ProfileInfoView.swift in Sources */ = {isa = PBXBuildFile; fileRef = CA94F899291A88E400E02F6D /* ProfileInfoView.swift */; };
		CA94F89C291A921B00E02F6D /* ProfileMeasureView.swift in Sources */ = {isa = PBXBuildFile; fileRef = CA94F89B291A921B00E02F6D /* ProfileMeasureView.swift */; };
		CA94F8A0291AA26200E02F6D /* HealthKitError.swift in Sources */ = {isa = PBXBuildFile; fileRef = CA94F89F291AA26200E02F6D /* HealthKitError.swift */; };
		CA94F8A5291AA7E700E02F6D /* PersonalnfoBuild.swift in Sources */ = {isa = PBXBuildFile; fileRef = CA94F8A4291AA7E700E02F6D /* PersonalnfoBuild.swift */; };
		CA94F8A7291AA80700E02F6D /* PersonalViewController.swift in Sources */ = {isa = PBXBuildFile; fileRef = CA94F8A6291AA80700E02F6D /* PersonalViewController.swift */; };
		CA94F8A9291AA80D00E02F6D /* PersonalRouter.swift in Sources */ = {isa = PBXBuildFile; fileRef = CA94F8A8291AA80D00E02F6D /* PersonalRouter.swift */; };
		CA94F8B2291ABD5500E02F6D /* PersonalSliderView.swift in Sources */ = {isa = PBXBuildFile; fileRef = CA94F8B1291ABD5500E02F6D /* PersonalSliderView.swift */; };
		CA94F8D1291BE7B200E02F6D /* BaseView.swift in Sources */ = {isa = PBXBuildFile; fileRef = CA94F8CD291BE7B200E02F6D /* BaseView.swift */; };
		CA94F8D2291BE7B200E02F6D /* BaseViewController.swift in Sources */ = {isa = PBXBuildFile; fileRef = CA94F8CE291BE7B200E02F6D /* BaseViewController.swift */; };
		CA94F8D3291BE7B200E02F6D /* BaseProtocol.swift in Sources */ = {isa = PBXBuildFile; fileRef = CA94F8CF291BE7B200E02F6D /* BaseProtocol.swift */; };
		CA94F8D4291BE7B200E02F6D /* BaseButton.swift in Sources */ = {isa = PBXBuildFile; fileRef = CA94F8D0291BE7B200E02F6D /* BaseButton.swift */; };
		CA94F8D7291BE7D700E02F6D /* UIViewExtension.swift in Sources */ = {isa = PBXBuildFile; fileRef = CA94F8D6291BE7D700E02F6D /* UIViewExtension.swift */; };
		CA94F8DF291CDBAB00E02F6D /* ActivityBuild.swift in Sources */ = {isa = PBXBuildFile; fileRef = CA94F8DE291CDBAB00E02F6D /* ActivityBuild.swift */; };
		CA94F8E1291CDBB300E02F6D /* ActivityRouter.swift in Sources */ = {isa = PBXBuildFile; fileRef = CA94F8E0291CDBB300E02F6D /* ActivityRouter.swift */; };
		CA94F8E3291CDBBD00E02F6D /* ActivityViewController.swift in Sources */ = {isa = PBXBuildFile; fileRef = CA94F8E2291CDBBD00E02F6D /* ActivityViewController.swift */; };
		CA9CCB99291A791D00DE18ED /* WalkView.swift in Sources */ = {isa = PBXBuildFile; fileRef = CA9CCB98291A791D00DE18ED /* WalkView.swift */; };
		CA9CCB9B291A79DE00DE18ED /* CircularProgresView.swift in Sources */ = {isa = PBXBuildFile; fileRef = CA9CCB9A291A79DE00DE18ED /* CircularProgresView.swift */; };
		CABE30D32928F6790038A999 /* OnboardingRouter.swift in Sources */ = {isa = PBXBuildFile; fileRef = CABE30D22928F6790038A999 /* OnboardingRouter.swift */; };
		CABE30D52928F6C60038A999 /* OnboardingViewModel.swift in Sources */ = {isa = PBXBuildFile; fileRef = CABE30D42928F6C60038A999 /* OnboardingViewModel.swift */; };
		CABE30D72928F6FB0038A999 /* OnboardingBuild.swift in Sources */ = {isa = PBXBuildFile; fileRef = CABE30D62928F6FB0038A999 /* OnboardingBuild.swift */; };
		CABE30D92928FAB20038A999 /* OnboardingViewController.swift in Sources */ = {isa = PBXBuildFile; fileRef = CABE30D82928FAB20038A999 /* OnboardingViewController.swift */; };
		CABE30E1292908BC0038A999 /* R.generated.swift in Sources */ = {isa = PBXBuildFile; fileRef = CABE30E0292908BC0038A999 /* R.generated.swift */; };
		CABE30E4292911120038A999 /* OnboardingCell.swift in Sources */ = {isa = PBXBuildFile; fileRef = CABE30E3292911120038A999 /* OnboardingCell.swift */; };
		CABE30E6292913890038A999 /* BaseClearButton.swift in Sources */ = {isa = PBXBuildFile; fileRef = CABE30E5292913890038A999 /* BaseClearButton.swift */; };
		CABE30E8292A17990038A999 /* CustomPageControl.swift in Sources */ = {isa = PBXBuildFile; fileRef = CABE30E7292A17990038A999 /* CustomPageControl.swift */; };
		CABE30EA292AC4680038A999 /* SplashRouter.swift in Sources */ = {isa = PBXBuildFile; fileRef = CABE30E9292AC4680038A999 /* SplashRouter.swift */; };
		CABE30ED292D140F0038A999 /* HeightWeightType.swift in Sources */ = {isa = PBXBuildFile; fileRef = CABE30EC292D140F0038A999 /* HeightWeightType.swift */; };
		CABE30F1292E612F0038A999 /* StatusViewModel.swift in Sources */ = {isa = PBXBuildFile; fileRef = CABE30F0292E612F0038A999 /* StatusViewModel.swift */; };
		CABE30F5292F8FA20038A999 /* StringExtension.swift in Sources */ = {isa = PBXBuildFile; fileRef = CABE30F4292F8FA20038A999 /* StringExtension.swift */; };
		CABE30F829326CF10038A999 /* WalkRouter.swift in Sources */ = {isa = PBXBuildFile; fileRef = CABE30F729326CF10038A999 /* WalkRouter.swift */; };
		CABE30FA29326D240038A999 /* WalkBuild.swift in Sources */ = {isa = PBXBuildFile; fileRef = CABE30F929326D240038A999 /* WalkBuild.swift */; };
		CABE30FC29326D2A0038A999 /* WalkViewModel.swift in Sources */ = {isa = PBXBuildFile; fileRef = CABE30FB29326D2A0038A999 /* WalkViewModel.swift */; };
		CABE30FE29326D310038A999 /* WalkViewController.swift in Sources */ = {isa = PBXBuildFile; fileRef = CABE30FD29326D310038A999 /* WalkViewController.swift */; };
		CAFB8A6A2919A3C7004BF972 /* AppDelegate.swift in Sources */ = {isa = PBXBuildFile; fileRef = CAFB8A692919A3C7004BF972 /* AppDelegate.swift */; };
		CAFB8A6C2919A3C7004BF972 /* SceneDelegate.swift in Sources */ = {isa = PBXBuildFile; fileRef = CAFB8A6B2919A3C7004BF972 /* SceneDelegate.swift */; };
		CAFB8A732919A3C8004BF972 /* Assets.xcassets in Resources */ = {isa = PBXBuildFile; fileRef = CAFB8A722919A3C8004BF972 /* Assets.xcassets */; };
		CAFB8A762919A3C8004BF972 /* LaunchScreen.storyboard in Resources */ = {isa = PBXBuildFile; fileRef = CAFB8A742919A3C8004BF972 /* LaunchScreen.storyboard */; };
/* End PBXBuildFile section */

/* Begin PBXFileReference section */
		17B18C4568A42EF92ACE0648 /* Pods-HealthActivity.debug.xcconfig */ = {isa = PBXFileReference; includeInIndex = 1; lastKnownFileType = text.xcconfig; name = "Pods-HealthActivity.debug.xcconfig"; path = "Target Support Files/Pods-HealthActivity/Pods-HealthActivity.debug.xcconfig"; sourceTree = "<group>"; };
		CA2A4181291A2F290089A2E4 /* Colors.xcassets */ = {isa = PBXFileReference; lastKnownFileType = folder.assetcatalog; path = Colors.xcassets; sourceTree = "<group>"; };
		CA2A418A291A32630089A2E4 /* HomeViewController.swift */ = {isa = PBXFileReference; lastKnownFileType = sourcecode.swift; path = HomeViewController.swift; sourceTree = "<group>"; };
		CA2A418C291A32670089A2E4 /* HomeBuild.swift */ = {isa = PBXFileReference; lastKnownFileType = sourcecode.swift; path = HomeBuild.swift; sourceTree = "<group>"; };
		CA2A418E291A328E0089A2E4 /* HomeRouter.swift */ = {isa = PBXFileReference; lastKnownFileType = sourcecode.swift; path = HomeRouter.swift; sourceTree = "<group>"; };
		CA2A4191291A33070089A2E4 /* BaseRouter.swift */ = {isa = PBXFileReference; lastKnownFileType = sourcecode.swift; path = BaseRouter.swift; sourceTree = "<group>"; };
		CA2A4193291A3FBA0089A2E4 /* BaseController.swift */ = {isa = PBXFileReference; lastKnownFileType = sourcecode.swift; path = BaseController.swift; sourceTree = "<group>"; };
		CA2A419A291A41200089A2E4 /* InfoView.swift */ = {isa = PBXFileReference; lastKnownFileType = sourcecode.swift; path = InfoView.swift; sourceTree = "<group>"; };
		CA2A41A1291A4EFC0089A2E4 /* BaseTabBarViewController.swift */ = {isa = PBXFileReference; lastKnownFileType = sourcecode.swift; path = BaseTabBarViewController.swift; sourceTree = "<group>"; };
		CA2A41A3291A4F450089A2E4 /* MainTabBarViewController.swift */ = {isa = PBXFileReference; lastKnownFileType = sourcecode.swift; path = MainTabBarViewController.swift; sourceTree = "<group>"; };
		CA2A41A7291A51540089A2E4 /* MainTabBarBuild.swift */ = {isa = PBXFileReference; lastKnownFileType = sourcecode.swift; path = MainTabBarBuild.swift; sourceTree = "<group>"; };
		CA2A41AA291A5BE30089A2E4 /* BaseNavigationController.swift */ = {isa = PBXFileReference; lastKnownFileType = sourcecode.swift; path = BaseNavigationController.swift; sourceTree = "<group>"; };
		CA3BB419291A258F008FDC90 /* ComponentsUI.framework */ = {isa = PBXFileReference; explicitFileType = wrapper.framework; path = ComponentsUI.framework; sourceTree = BUILT_PRODUCTS_DIR; };
		CA50EF2A291CF58900F3955E /* ActivityView.swift */ = {isa = PBXFileReference; lastKnownFileType = sourcecode.swift; path = ActivityView.swift; sourceTree = "<group>"; };
		CA50EF2D291D0A5600F3955E /* StatusBuild.swift */ = {isa = PBXFileReference; lastKnownFileType = sourcecode.swift; path = StatusBuild.swift; sourceTree = "<group>"; };
		CA50EF2F291D0A5D00F3955E /* StatusViewController.swift */ = {isa = PBXFileReference; lastKnownFileType = sourcecode.swift; path = StatusViewController.swift; sourceTree = "<group>"; };
		CA50EF31291D0A6400F3955E /* StatusRouter.swift */ = {isa = PBXFileReference; lastKnownFileType = sourcecode.swift; path = StatusRouter.swift; sourceTree = "<group>"; };
		CA50EF33291D0A6900F3955E /* StatusView.swift */ = {isa = PBXFileReference; lastKnownFileType = sourcecode.swift; path = StatusView.swift; sourceTree = "<group>"; };
		CA50EF35291D1AC300F3955E /* HealthManager.swift */ = {isa = PBXFileReference; lastKnownFileType = sourcecode.swift; path = HealthManager.swift; sourceTree = "<group>"; };
		CA50EF37291D1F1C00F3955E /* UIViewControllerExtension.swift */ = {isa = PBXFileReference; lastKnownFileType = sourcecode.swift; path = UIViewControllerExtension.swift; sourceTree = "<group>"; };
		CA50EF39291D77FD00F3955E /* PersonalInfoViewModel.swift */ = {isa = PBXFileReference; lastKnownFileType = sourcecode.swift; path = PersonalInfoViewModel.swift; sourceTree = "<group>"; };
		CA50EF3B291D78B300F3955E /* BaseViewModel.swift */ = {isa = PBXFileReference; lastKnownFileType = sourcecode.swift; path = BaseViewModel.swift; sourceTree = "<group>"; };
		CA50EF3D291D79D300F3955E /* ProfileViewModel.swift */ = {isa = PBXFileReference; lastKnownFileType = sourcecode.swift; path = ProfileViewModel.swift; sourceTree = "<group>"; };
		CA50EF40291D7FD300F3955E /* DoubleExtension.swift */ = {isa = PBXFileReference; lastKnownFileType = sourcecode.swift; path = DoubleExtension.swift; sourceTree = "<group>"; };
		CA50EF42291D808900F3955E /* IntExtension.swift */ = {isa = PBXFileReference; lastKnownFileType = sourcecode.swift; path = IntExtension.swift; sourceTree = "<group>"; };
		CA50EF44291F700200F3955E /* InfoGraphView.swift */ = {isa = PBXFileReference; lastKnownFileType = sourcecode.swift; path = InfoGraphView.swift; sourceTree = "<group>"; };
		CA50EF4629213A6D00F3955E /* ActivityViewModel.swift */ = {isa = PBXFileReference; lastKnownFileType = sourcecode.swift; path = ActivityViewModel.swift; sourceTree = "<group>"; };
		CA520C3129222169002D6400 /* HomeViewModel.swift */ = {isa = PBXFileReference; lastKnownFileType = sourcecode.swift; path = HomeViewModel.swift; sourceTree = "<group>"; };
		CA7D04AC29253A7C009620F5 /* ProgressCell.swift */ = {isa = PBXFileReference; lastKnownFileType = sourcecode.swift; path = ProgressCell.swift; sourceTree = "<group>"; };
		CA7D04AE29253C54009620F5 /* StatusProgressView.swift */ = {isa = PBXFileReference; lastKnownFileType = sourcecode.swift; path = StatusProgressView.swift; sourceTree = "<group>"; };
		CA7D04B029253CF3009620F5 /* UICollectionViewExtension.swift */ = {isa = PBXFileReference; lastKnownFileType = sourcecode.swift; path = UICollectionViewExtension.swift; sourceTree = "<group>"; };
		CA7D04B229253D33009620F5 /* BaseCollectionView.swift */ = {isa = PBXFileReference; lastKnownFileType = sourcecode.swift; path = BaseCollectionView.swift; sourceTree = "<group>"; };
		CA7D04B4292551D3009620F5 /* DateExtension.swift */ = {isa = PBXFileReference; lastKnownFileType = sourcecode.swift; path = DateExtension.swift; sourceTree = "<group>"; };
		CA7D04B929262448009620F5 /* SplashViewController.swift */ = {isa = PBXFileReference; lastKnownFileType = sourcecode.swift; path = SplashViewController.swift; sourceTree = "<group>"; };
		CA7D04BD29262453009620F5 /* SplashBuild.swift */ = {isa = PBXFileReference; lastKnownFileType = sourcecode.swift; path = SplashBuild.swift; sourceTree = "<group>"; };
		CA7D04C12926388B009620F5 /* UserDefaultStorage.swift */ = {isa = PBXFileReference; lastKnownFileType = sourcecode.swift; path = UserDefaultStorage.swift; sourceTree = "<group>"; };
		CA7D04C3292639B1009620F5 /* AppBuilder.swift */ = {isa = PBXFileReference; lastKnownFileType = sourcecode.swift; path = AppBuilder.swift; sourceTree = "<group>"; };
		CA94F892291A889000E02F6D /* ProfileBuild.swift */ = {isa = PBXFileReference; lastKnownFileType = sourcecode.swift; path = ProfileBuild.swift; sourceTree = "<group>"; };
		CA94F894291A88A200E02F6D /* ProfileRouter.swift */ = {isa = PBXFileReference; lastKnownFileType = sourcecode.swift; path = ProfileRouter.swift; sourceTree = "<group>"; };
		CA94F896291A88BD00E02F6D /* ProfileViewController.swift */ = {isa = PBXFileReference; lastKnownFileType = sourcecode.swift; path = ProfileViewController.swift; sourceTree = "<group>"; };
		CA94F899291A88E400E02F6D /* ProfileInfoView.swift */ = {isa = PBXFileReference; lastKnownFileType = sourcecode.swift; path = ProfileInfoView.swift; sourceTree = "<group>"; };
		CA94F89B291A921B00E02F6D /* ProfileMeasureView.swift */ = {isa = PBXFileReference; lastKnownFileType = sourcecode.swift; path = ProfileMeasureView.swift; sourceTree = "<group>"; };
		CA94F89F291AA26200E02F6D /* HealthKitError.swift */ = {isa = PBXFileReference; lastKnownFileType = sourcecode.swift; path = HealthKitError.swift; sourceTree = "<group>"; };
		CA94F8A4291AA7E700E02F6D /* PersonalnfoBuild.swift */ = {isa = PBXFileReference; lastKnownFileType = sourcecode.swift; path = PersonalnfoBuild.swift; sourceTree = "<group>"; };
		CA94F8A6291AA80700E02F6D /* PersonalViewController.swift */ = {isa = PBXFileReference; lastKnownFileType = sourcecode.swift; path = PersonalViewController.swift; sourceTree = "<group>"; };
		CA94F8A8291AA80D00E02F6D /* PersonalRouter.swift */ = {isa = PBXFileReference; lastKnownFileType = sourcecode.swift; path = PersonalRouter.swift; sourceTree = "<group>"; };
		CA94F8AC291AB85100E02F6D /* HealthActivity.entitlements */ = {isa = PBXFileReference; lastKnownFileType = text.plist.entitlements; path = HealthActivity.entitlements; sourceTree = "<group>"; };
		CA94F8B1291ABD5500E02F6D /* PersonalSliderView.swift */ = {isa = PBXFileReference; lastKnownFileType = sourcecode.swift; path = PersonalSliderView.swift; sourceTree = "<group>"; };
		CA94F8CD291BE7B200E02F6D /* BaseView.swift */ = {isa = PBXFileReference; fileEncoding = 4; lastKnownFileType = sourcecode.swift; path = BaseView.swift; sourceTree = "<group>"; };
		CA94F8CE291BE7B200E02F6D /* BaseViewController.swift */ = {isa = PBXFileReference; fileEncoding = 4; lastKnownFileType = sourcecode.swift; path = BaseViewController.swift; sourceTree = "<group>"; };
		CA94F8CF291BE7B200E02F6D /* BaseProtocol.swift */ = {isa = PBXFileReference; fileEncoding = 4; lastKnownFileType = sourcecode.swift; path = BaseProtocol.swift; sourceTree = "<group>"; };
		CA94F8D0291BE7B200E02F6D /* BaseButton.swift */ = {isa = PBXFileReference; fileEncoding = 4; lastKnownFileType = sourcecode.swift; path = BaseButton.swift; sourceTree = "<group>"; };
		CA94F8D6291BE7D700E02F6D /* UIViewExtension.swift */ = {isa = PBXFileReference; fileEncoding = 4; lastKnownFileType = sourcecode.swift; path = UIViewExtension.swift; sourceTree = "<group>"; };
		CA94F8DE291CDBAB00E02F6D /* ActivityBuild.swift */ = {isa = PBXFileReference; lastKnownFileType = sourcecode.swift; path = ActivityBuild.swift; sourceTree = "<group>"; };
		CA94F8E0291CDBB300E02F6D /* ActivityRouter.swift */ = {isa = PBXFileReference; lastKnownFileType = sourcecode.swift; path = ActivityRouter.swift; sourceTree = "<group>"; };
		CA94F8E2291CDBBD00E02F6D /* ActivityViewController.swift */ = {isa = PBXFileReference; lastKnownFileType = sourcecode.swift; path = ActivityViewController.swift; sourceTree = "<group>"; };
		CA9CCB98291A791D00DE18ED /* WalkView.swift */ = {isa = PBXFileReference; lastKnownFileType = sourcecode.swift; path = WalkView.swift; sourceTree = "<group>"; };
		CA9CCB9A291A79DE00DE18ED /* CircularProgresView.swift */ = {isa = PBXFileReference; lastKnownFileType = sourcecode.swift; path = CircularProgresView.swift; sourceTree = "<group>"; };
		CABE30D22928F6790038A999 /* OnboardingRouter.swift */ = {isa = PBXFileReference; lastKnownFileType = sourcecode.swift; path = OnboardingRouter.swift; sourceTree = "<group>"; };
		CABE30D42928F6C60038A999 /* OnboardingViewModel.swift */ = {isa = PBXFileReference; lastKnownFileType = sourcecode.swift; path = OnboardingViewModel.swift; sourceTree = "<group>"; };
		CABE30D62928F6FB0038A999 /* OnboardingBuild.swift */ = {isa = PBXFileReference; lastKnownFileType = sourcecode.swift; path = OnboardingBuild.swift; sourceTree = "<group>"; };
		CABE30D82928FAB20038A999 /* OnboardingViewController.swift */ = {isa = PBXFileReference; lastKnownFileType = sourcecode.swift; path = OnboardingViewController.swift; sourceTree = "<group>"; };
		CABE30E0292908BC0038A999 /* R.generated.swift */ = {isa = PBXFileReference; fileEncoding = 4; lastKnownFileType = sourcecode.swift; path = R.generated.swift; sourceTree = "<group>"; };
		CABE30E3292911120038A999 /* OnboardingCell.swift */ = {isa = PBXFileReference; lastKnownFileType = sourcecode.swift; path = OnboardingCell.swift; sourceTree = "<group>"; };
		CABE30E5292913890038A999 /* BaseClearButton.swift */ = {isa = PBXFileReference; lastKnownFileType = sourcecode.swift; path = BaseClearButton.swift; sourceTree = "<group>"; };
		CABE30E7292A17990038A999 /* CustomPageControl.swift */ = {isa = PBXFileReference; lastKnownFileType = sourcecode.swift; path = CustomPageControl.swift; sourceTree = "<group>"; };
		CABE30E9292AC4680038A999 /* SplashRouter.swift */ = {isa = PBXFileReference; lastKnownFileType = sourcecode.swift; path = SplashRouter.swift; sourceTree = "<group>"; };
		CABE30EC292D140F0038A999 /* HeightWeightType.swift */ = {isa = PBXFileReference; lastKnownFileType = sourcecode.swift; path = HeightWeightType.swift; sourceTree = "<group>"; };
		CABE30F0292E612F0038A999 /* StatusViewModel.swift */ = {isa = PBXFileReference; fileEncoding = 4; lastKnownFileType = sourcecode.swift; path = StatusViewModel.swift; sourceTree = "<group>"; };
		CABE30F4292F8FA20038A999 /* StringExtension.swift */ = {isa = PBXFileReference; lastKnownFileType = sourcecode.swift; path = StringExtension.swift; sourceTree = "<group>"; };
		CABE30F729326CF10038A999 /* WalkRouter.swift */ = {isa = PBXFileReference; lastKnownFileType = sourcecode.swift; path = WalkRouter.swift; sourceTree = "<group>"; };
		CABE30F929326D240038A999 /* WalkBuild.swift */ = {isa = PBXFileReference; lastKnownFileType = sourcecode.swift; path = WalkBuild.swift; sourceTree = "<group>"; };
		CABE30FB29326D2A0038A999 /* WalkViewModel.swift */ = {isa = PBXFileReference; lastKnownFileType = sourcecode.swift; path = WalkViewModel.swift; sourceTree = "<group>"; };
		CABE30FD29326D310038A999 /* WalkViewController.swift */ = {isa = PBXFileReference; lastKnownFileType = sourcecode.swift; path = WalkViewController.swift; sourceTree = "<group>"; };
		CAFB8A662919A3C7004BF972 /* HealthActivity.app */ = {isa = PBXFileReference; explicitFileType = wrapper.application; includeInIndex = 0; path = HealthActivity.app; sourceTree = BUILT_PRODUCTS_DIR; };
		CAFB8A692919A3C7004BF972 /* AppDelegate.swift */ = {isa = PBXFileReference; lastKnownFileType = sourcecode.swift; path = AppDelegate.swift; sourceTree = "<group>"; };
		CAFB8A6B2919A3C7004BF972 /* SceneDelegate.swift */ = {isa = PBXFileReference; lastKnownFileType = sourcecode.swift; path = SceneDelegate.swift; sourceTree = "<group>"; };
		CAFB8A722919A3C8004BF972 /* Assets.xcassets */ = {isa = PBXFileReference; lastKnownFileType = folder.assetcatalog; path = Assets.xcassets; sourceTree = "<group>"; };
		CAFB8A752919A3C8004BF972 /* Base */ = {isa = PBXFileReference; lastKnownFileType = file.storyboard; name = Base; path = Base.lproj/LaunchScreen.storyboard; sourceTree = "<group>"; };
		CAFB8A772919A3C8004BF972 /* Info.plist */ = {isa = PBXFileReference; lastKnownFileType = text.plist.xml; path = Info.plist; sourceTree = "<group>"; };
		D046635BBC1F09295BEC1592 /* Pods_HealthActivity.framework */ = {isa = PBXFileReference; explicitFileType = wrapper.framework; includeInIndex = 0; path = Pods_HealthActivity.framework; sourceTree = BUILT_PRODUCTS_DIR; };
		F44E9F9D1DEF3D4D1AB9FD27 /* Pods-HealthActivity.release.xcconfig */ = {isa = PBXFileReference; includeInIndex = 1; lastKnownFileType = text.xcconfig; name = "Pods-HealthActivity.release.xcconfig"; path = "Target Support Files/Pods-HealthActivity/Pods-HealthActivity.release.xcconfig"; sourceTree = "<group>"; };
/* End PBXFileReference section */

/* Begin PBXFrameworksBuildPhase section */
		CAFB8A632919A3C7004BF972 /* Frameworks */ = {
			isa = PBXFrameworksBuildPhase;
			buildActionMask = 2147483647;
			files = (
				C5250B3B4C345762AE0E492F /* Pods_HealthActivity.framework in Frameworks */,
			);
			runOnlyForDeploymentPostprocessing = 0;
		};
/* End PBXFrameworksBuildPhase section */

/* Begin PBXGroup section */
		7C9FB999B4632572C5F8BFFE /* Pods */ = {
			isa = PBXGroup;
			children = (
				17B18C4568A42EF92ACE0648 /* Pods-HealthActivity.debug.xcconfig */,
				F44E9F9D1DEF3D4D1AB9FD27 /* Pods-HealthActivity.release.xcconfig */,
			);
			path = Pods;
			sourceTree = "<group>";
		};
		CA2A4180291A2F200089A2E4 /* Resources */ = {
			isa = PBXGroup;
			children = (
				CA94F8D5291BE7CC00E02F6D /* Extension */,
				CA2A4196291A40F90089A2E4 /* Utilities */,
				CA2A4195291A40F50089A2E4 /* Assets */,
			);
			path = Resources;
			sourceTree = "<group>";
		};
		CA2A4183291A2F2C0089A2E4 /* App */ = {
			isa = PBXGroup;
			children = (
				CAFB8A692919A3C7004BF972 /* AppDelegate.swift */,
				CAFB8A6B2919A3C7004BF972 /* SceneDelegate.swift */,
				CA7D04C3292639B1009620F5 /* AppBuilder.swift */,
			);
			path = App;
			sourceTree = "<group>";
		};
		CA2A4184291A2F360089A2E4 /* Flow */ = {
			isa = PBXGroup;
			children = (
				CA7D04B829262438009620F5 /* SplashFlow */,
				CABE30D02928F2C20038A999 /* OnboardingFlow */,
				CA2A4188291A32520089A2E4 /* TabBar */,
			);
			path = Flow;
			sourceTree = "<group>";
		};
		CA2A4188291A32520089A2E4 /* TabBar */ = {
			isa = PBXGroup;
			children = (
				CA2A41A9291A51EC0089A2E4 /* TabBarFlow */,
				CA2A4189291A32570089A2E4 /* HomeFlow */,
				CA94F8DD291CDB9600E02F6D /* ActivityFlow */,
				CA50EF2C291D0A4E00F3955E /* StatusFlow */,
				CA94F891291A888400E02F6D /* ProfileFlow */,
				CABE30F629326CE50038A999 /* WalkFlow */,
			);
			path = TabBar;
			sourceTree = "<group>";
		};
		CA2A4189291A32570089A2E4 /* HomeFlow */ = {
			isa = PBXGroup;
			children = (
				CA2A418C291A32670089A2E4 /* HomeBuild.swift */,
				CA2A418A291A32630089A2E4 /* HomeViewController.swift */,
				CA2A418E291A328E0089A2E4 /* HomeRouter.swift */,
				CA520C3129222169002D6400 /* HomeViewModel.swift */,
			);
			path = HomeFlow;
			sourceTree = "<group>";
		};
		CA2A4190291A32900089A2E4 /* Base */ = {
			isa = PBXGroup;
			children = (
				CA2A4191291A33070089A2E4 /* BaseRouter.swift */,
				CA2A4193291A3FBA0089A2E4 /* BaseController.swift */,
				CA2A41A1291A4EFC0089A2E4 /* BaseTabBarViewController.swift */,
				CA2A41AA291A5BE30089A2E4 /* BaseNavigationController.swift */,
				CA50EF3B291D78B300F3955E /* BaseViewModel.swift */,
			);
			path = Base;
			sourceTree = "<group>";
		};
		CA2A4195291A40F50089A2E4 /* Assets */ = {
			isa = PBXGroup;
			children = (
				CABE30E0292908BC0038A999 /* R.generated.swift */,
				CAFB8A722919A3C8004BF972 /* Assets.xcassets */,
				CA2A4181291A2F290089A2E4 /* Colors.xcassets */,
			);
			path = Assets;
			sourceTree = "<group>";
		};
		CA2A4196291A40F90089A2E4 /* Utilities */ = {
			isa = PBXGroup;
			children = (
				CA94F8A1291AA27900E02F6D /* HealthKit */,
				CA2A4199291A41060089A2E4 /* View */,
				CA7D04C12926388B009620F5 /* UserDefaultStorage.swift */,
				CABE30E7292A17990038A999 /* CustomPageControl.swift */,
			);
			path = Utilities;
			sourceTree = "<group>";
		};
		CA2A4199291A41060089A2E4 /* View */ = {
			isa = PBXGroup;
			children = (
				CA94F8C4291BE78C00E02F6D /* BaseView */,
				CA2A419A291A41200089A2E4 /* InfoView.swift */,
				CA9CCB98291A791D00DE18ED /* WalkView.swift */,
				CA9CCB9A291A79DE00DE18ED /* CircularProgresView.swift */,
				CA50EF44291F700200F3955E /* InfoGraphView.swift */,
			);
			path = View;
			sourceTree = "<group>";
		};
		CA2A41A9291A51EC0089A2E4 /* TabBarFlow */ = {
			isa = PBXGroup;
			children = (
				CA2A41A7291A51540089A2E4 /* MainTabBarBuild.swift */,
				CA2A41A3291A4F450089A2E4 /* MainTabBarViewController.swift */,
			);
			path = TabBarFlow;
			sourceTree = "<group>";
		};
		CA3BB418291A258F008FDC90 /* Frameworks */ = {
			isa = PBXGroup;
			children = (
				CA3BB419291A258F008FDC90 /* ComponentsUI.framework */,
				D046635BBC1F09295BEC1592 /* Pods_HealthActivity.framework */,
			);
			name = Frameworks;
			sourceTree = "<group>";
		};
		CA50EF2C291D0A4E00F3955E /* StatusFlow */ = {
			isa = PBXGroup;
			children = (
				CA50EF2F291D0A5D00F3955E /* StatusViewController.swift */,
				CABE30F0292E612F0038A999 /* StatusViewModel.swift */,
				CA50EF2D291D0A5600F3955E /* StatusBuild.swift */,
				CA50EF31291D0A6400F3955E /* StatusRouter.swift */,
				CA7D04AB29253A62009620F5 /* View */,
			);
			path = StatusFlow;
			sourceTree = "<group>";
		};
		CA50EF3F291D7FC900F3955E /* TypeExtension */ = {
			isa = PBXGroup;
			children = (
				CA50EF40291D7FD300F3955E /* DoubleExtension.swift */,
				CA50EF42291D808900F3955E /* IntExtension.swift */,
				CABE30F4292F8FA20038A999 /* StringExtension.swift */,
			);
			path = TypeExtension;
			sourceTree = "<group>";
		};
		CA7D04AB29253A62009620F5 /* View */ = {
			isa = PBXGroup;
			children = (
				CA50EF33291D0A6900F3955E /* StatusView.swift */,
				CA7D04AE29253C54009620F5 /* StatusProgressView.swift */,
				CA7D04AC29253A7C009620F5 /* ProgressCell.swift */,
			);
			path = View;
			sourceTree = "<group>";
		};
		CA7D04B829262438009620F5 /* SplashFlow */ = {
			isa = PBXGroup;
			children = (
				CA7D04B929262448009620F5 /* SplashViewController.swift */,
				CA7D04BD29262453009620F5 /* SplashBuild.swift */,
				CABE30E9292AC4680038A999 /* SplashRouter.swift */,
			);
			path = SplashFlow;
			sourceTree = "<group>";
		};
		CA94F891291A888400E02F6D /* ProfileFlow */ = {
			isa = PBXGroup;
			children = (
				CA94F8A2291AA7C900E02F6D /* Profile */,
				CA94F8A3291AA7D700E02F6D /* PersonalInfo */,
			);
			path = ProfileFlow;
			sourceTree = "<group>";
		};
		CA94F898291A88D700E02F6D /* ProfileInfoView */ = {
			isa = PBXGroup;
			children = (
				CA94F899291A88E400E02F6D /* ProfileInfoView.swift */,
				CA94F89B291A921B00E02F6D /* ProfileMeasureView.swift */,
			);
			path = ProfileInfoView;
			sourceTree = "<group>";
		};
		CA94F8A1291AA27900E02F6D /* HealthKit */ = {
			isa = PBXGroup;
			children = (
				CA50EF35291D1AC300F3955E /* HealthManager.swift */,
				CA94F89F291AA26200E02F6D /* HealthKitError.swift */,
			);
			path = HealthKit;
			sourceTree = "<group>";
		};
		CA94F8A2291AA7C900E02F6D /* Profile */ = {
			isa = PBXGroup;
			children = (
				CA94F892291A889000E02F6D /* ProfileBuild.swift */,
				CA94F896291A88BD00E02F6D /* ProfileViewController.swift */,
				CA94F894291A88A200E02F6D /* ProfileRouter.swift */,
				CA50EF3D291D79D300F3955E /* ProfileViewModel.swift */,
				CA94F898291A88D700E02F6D /* ProfileInfoView */,
			);
			path = Profile;
			sourceTree = "<group>";
		};
		CA94F8A3291AA7D700E02F6D /* PersonalInfo */ = {
			isa = PBXGroup;
			children = (
				CA94F8A4291AA7E700E02F6D /* PersonalnfoBuild.swift */,
				CA94F8A6291AA80700E02F6D /* PersonalViewController.swift */,
				CA50EF39291D77FD00F3955E /* PersonalInfoViewModel.swift */,
				CA94F8A8291AA80D00E02F6D /* PersonalRouter.swift */,
				CA94F8B0291ABD1C00E02F6D /* View */,
			);
			path = PersonalInfo;
			sourceTree = "<group>";
		};
		CA94F8B0291ABD1C00E02F6D /* View */ = {
			isa = PBXGroup;
			children = (
				CA94F8B1291ABD5500E02F6D /* PersonalSliderView.swift */,
			);
			path = View;
			sourceTree = "<group>";
		};
		CA94F8C4291BE78C00E02F6D /* BaseView */ = {
			isa = PBXGroup;
			children = (
				CA94F8D0291BE7B200E02F6D /* BaseButton.swift */,
				CA94F8CF291BE7B200E02F6D /* BaseProtocol.swift */,
				CA94F8CD291BE7B200E02F6D /* BaseView.swift */,
				CA94F8CE291BE7B200E02F6D /* BaseViewController.swift */,
				CA7D04B229253D33009620F5 /* BaseCollectionView.swift */,
				CABE30E5292913890038A999 /* BaseClearButton.swift */,
			);
			path = BaseView;
			sourceTree = "<group>";
		};
		CA94F8D5291BE7CC00E02F6D /* Extension */ = {
			isa = PBXGroup;
			children = (
				CA50EF3F291D7FC900F3955E /* TypeExtension */,
				CA94F8D6291BE7D700E02F6D /* UIViewExtension.swift */,
				CA50EF37291D1F1C00F3955E /* UIViewControllerExtension.swift */,
				CA7D04B029253CF3009620F5 /* UICollectionViewExtension.swift */,
				CA7D04B4292551D3009620F5 /* DateExtension.swift */,
			);
			path = Extension;
			sourceTree = "<group>";
		};
		CA94F8DD291CDB9600E02F6D /* ActivityFlow */ = {
			isa = PBXGroup;
			children = (
				CA94F8DE291CDBAB00E02F6D /* ActivityBuild.swift */,
				CA94F8E2291CDBBD00E02F6D /* ActivityViewController.swift */,
				CA94F8E0291CDBB300E02F6D /* ActivityRouter.swift */,
				CA50EF2A291CF58900F3955E /* ActivityView.swift */,
				CA50EF4629213A6D00F3955E /* ActivityViewModel.swift */,
			);
			path = ActivityFlow;
			sourceTree = "<group>";
		};
		CABE30D02928F2C20038A999 /* OnboardingFlow */ = {
			isa = PBXGroup;
			children = (
				CABE30D82928FAB20038A999 /* OnboardingViewController.swift */,
				CABE30D22928F6790038A999 /* OnboardingRouter.swift */,
				CABE30D42928F6C60038A999 /* OnboardingViewModel.swift */,
				CABE30D62928F6FB0038A999 /* OnboardingBuild.swift */,
				CABE30E2292910D00038A999 /* View */,
			);
			path = OnboardingFlow;
			sourceTree = "<group>";
		};
		CABE30E2292910D00038A999 /* View */ = {
			isa = PBXGroup;
			children = (
				CABE30E3292911120038A999 /* OnboardingCell.swift */,
			);
			path = View;
			sourceTree = "<group>";
		};
		CABE30EB292D13FB0038A999 /* Entities */ = {
			isa = PBXGroup;
			children = (
				CABE30EC292D140F0038A999 /* HeightWeightType.swift */,
			);
			path = Entities;
			sourceTree = "<group>";
		};
		CABE30F629326CE50038A999 /* WalkFlow */ = {
			isa = PBXGroup;
			children = (
				CABE30FD29326D310038A999 /* WalkViewController.swift */,
				CABE30F929326D240038A999 /* WalkBuild.swift */,
				CABE30FB29326D2A0038A999 /* WalkViewModel.swift */,
				CABE30F729326CF10038A999 /* WalkRouter.swift */,
			);
			path = WalkFlow;
			sourceTree = "<group>";
		};
		CAFB8A5D2919A3C7004BF972 = {
			isa = PBXGroup;
			children = (
				CAFB8A682919A3C7004BF972 /* HealthActivity */,
				CAFB8A672919A3C7004BF972 /* Products */,
				CA3BB418291A258F008FDC90 /* Frameworks */,
				7C9FB999B4632572C5F8BFFE /* Pods */,
			);
			sourceTree = "<group>";
		};
		CAFB8A672919A3C7004BF972 /* Products */ = {
			isa = PBXGroup;
			children = (
				CAFB8A662919A3C7004BF972 /* HealthActivity.app */,
			);
			name = Products;
			sourceTree = "<group>";
		};
		CAFB8A682919A3C7004BF972 /* HealthActivity */ = {
			isa = PBXGroup;
			children = (
				CA94F8AC291AB85100E02F6D /* HealthActivity.entitlements */,
				CA2A4183291A2F2C0089A2E4 /* App */,
				CA2A4190291A32900089A2E4 /* Base */,
				CA2A4184291A2F360089A2E4 /* Flow */,
				CA2A4180291A2F200089A2E4 /* Resources */,
				CABE30EB292D13FB0038A999 /* Entities */,
				CAFB8A742919A3C8004BF972 /* LaunchScreen.storyboard */,
				CAFB8A772919A3C8004BF972 /* Info.plist */,
			);
			path = HealthActivity;
			sourceTree = "<group>";
		};
/* End PBXGroup section */

/* Begin PBXNativeTarget section */
		CAFB8A652919A3C7004BF972 /* HealthActivity */ = {
			isa = PBXNativeTarget;
			buildConfigurationList = CAFB8A7A2919A3C8004BF972 /* Build configuration list for PBXNativeTarget "HealthActivity" */;
			buildPhases = (
				A222631A698ED034A84B84F9 /* [CP] Check Pods Manifest.lock */,
				CABE30D12928F6090038A999 /* R.Swift */,
				CAFB8A622919A3C7004BF972 /* Sources */,
				CAFB8A632919A3C7004BF972 /* Frameworks */,
				CAFB8A642919A3C7004BF972 /* Resources */,
				D448C0FFD0FCB4F21598C7C6 /* [CP] Embed Pods Frameworks */,
			);
			buildRules = (
			);
			dependencies = (
			);
			name = HealthActivity;
			productName = HealthActivity;
			productReference = CAFB8A662919A3C7004BF972 /* HealthActivity.app */;
			productType = "com.apple.product-type.application";
		};
/* End PBXNativeTarget section */

/* Begin PBXProject section */
		CAFB8A5E2919A3C7004BF972 /* Project object */ = {
			isa = PBXProject;
			attributes = {
				BuildIndependentTargetsInParallel = 1;
				LastSwiftUpdateCheck = 1410;
				LastUpgradeCheck = 1410;
				TargetAttributes = {
					CAFB8A652919A3C7004BF972 = {
						CreatedOnToolsVersion = 14.1;
					};
				};
			};
			buildConfigurationList = CAFB8A612919A3C7004BF972 /* Build configuration list for PBXProject "HealthActivity" */;
			compatibilityVersion = "Xcode 14.0";
			developmentRegion = en;
			hasScannedForEncodings = 0;
			knownRegions = (
				en,
				Base,
			);
			mainGroup = CAFB8A5D2919A3C7004BF972;
			productRefGroup = CAFB8A672919A3C7004BF972 /* Products */;
			projectDirPath = "";
			projectRoot = "";
			targets = (
				CAFB8A652919A3C7004BF972 /* HealthActivity */,
			);
		};
/* End PBXProject section */

/* Begin PBXResourcesBuildPhase section */
		CAFB8A642919A3C7004BF972 /* Resources */ = {
			isa = PBXResourcesBuildPhase;
			buildActionMask = 2147483647;
			files = (
				CAFB8A762919A3C8004BF972 /* LaunchScreen.storyboard in Resources */,
				CA2A4182291A2F290089A2E4 /* Colors.xcassets in Resources */,
				CAFB8A732919A3C8004BF972 /* Assets.xcassets in Resources */,
			);
			runOnlyForDeploymentPostprocessing = 0;
		};
/* End PBXResourcesBuildPhase section */

/* Begin PBXShellScriptBuildPhase section */
		A222631A698ED034A84B84F9 /* [CP] Check Pods Manifest.lock */ = {
			isa = PBXShellScriptBuildPhase;
			buildActionMask = 2147483647;
			files = (
			);
			inputFileListPaths = (
			);
			inputPaths = (
				"${PODS_PODFILE_DIR_PATH}/Podfile.lock",
				"${PODS_ROOT}/Manifest.lock",
			);
			name = "[CP] Check Pods Manifest.lock";
			outputFileListPaths = (
			);
			outputPaths = (
				"$(DERIVED_FILE_DIR)/Pods-HealthActivity-checkManifestLockResult.txt",
			);
			runOnlyForDeploymentPostprocessing = 0;
			shellPath = /bin/sh;
			shellScript = "diff \"${PODS_PODFILE_DIR_PATH}/Podfile.lock\" \"${PODS_ROOT}/Manifest.lock\" > /dev/null\nif [ $? != 0 ] ; then\n    # print error to STDERR\n    echo \"error: The sandbox is not in sync with the Podfile.lock. Run 'pod install' or update your CocoaPods installation.\" >&2\n    exit 1\nfi\n# This output is used by Xcode 'outputs' to avoid re-running this script phase.\necho \"SUCCESS\" > \"${SCRIPT_OUTPUT_FILE_0}\"\n";
			showEnvVarsInLog = 0;
		};
		CABE30D12928F6090038A999 /* R.Swift */ = {
			isa = PBXShellScriptBuildPhase;
			buildActionMask = 2147483647;
			files = (
			);
			inputFileListPaths = (
			);
			inputPaths = (
				"$TEMP_DIR/rswift-lastrun",
			);
			name = R.Swift;
			outputFileListPaths = (
			);
			outputPaths = (
				$SRCROOT/R.generated.swift,
			);
			runOnlyForDeploymentPostprocessing = 0;
			shellPath = /bin/sh;
			shellScript = "# Type a script or drag a script file from your workspace to insert its path.\n\"$PODS_ROOT/R.swift/rswift\" generate \"$SRCROOT/HealthActivity/Resources/Assets/R.generated.swift\" --generators image,string,color\n";
		};
		D448C0FFD0FCB4F21598C7C6 /* [CP] Embed Pods Frameworks */ = {
			isa = PBXShellScriptBuildPhase;
			buildActionMask = 2147483647;
			files = (
			);
			inputFileListPaths = (
				"${PODS_ROOT}/Target Support Files/Pods-HealthActivity/Pods-HealthActivity-frameworks-${CONFIGURATION}-input-files.xcfilelist",
			);
			name = "[CP] Embed Pods Frameworks";
			outputFileListPaths = (
				"${PODS_ROOT}/Target Support Files/Pods-HealthActivity/Pods-HealthActivity-frameworks-${CONFIGURATION}-output-files.xcfilelist",
			);
			runOnlyForDeploymentPostprocessing = 0;
			shellPath = /bin/sh;
			shellScript = "\"${PODS_ROOT}/Target Support Files/Pods-HealthActivity/Pods-HealthActivity-frameworks.sh\"\n";
			showEnvVarsInLog = 0;
		};
/* End PBXShellScriptBuildPhase section */

/* Begin PBXSourcesBuildPhase section */
		CAFB8A622919A3C7004BF972 /* Sources */ = {
			isa = PBXSourcesBuildPhase;
			buildActionMask = 2147483647;
			files = (
				CA2A41AB291A5BE30089A2E4 /* BaseNavigationController.swift in Sources */,
				CA7D04B5292551D3009620F5 /* DateExtension.swift in Sources */,
				CA50EF43291D808900F3955E /* IntExtension.swift in Sources */,
				CA50EF38291D1F1C00F3955E /* UIViewControllerExtension.swift in Sources */,
				CA50EF2B291CF58900F3955E /* ActivityView.swift in Sources */,
				CA2A419B291A41200089A2E4 /* InfoView.swift in Sources */,
				CA2A418F291A328E0089A2E4 /* HomeRouter.swift in Sources */,
				CA50EF3C291D78B300F3955E /* BaseViewModel.swift in Sources */,
				CA94F8A0291AA26200E02F6D /* HealthKitError.swift in Sources */,
				CA9CCB9B291A79DE00DE18ED /* CircularProgresView.swift in Sources */,
				CA7D04B329253D33009620F5 /* BaseCollectionView.swift in Sources */,
				CA94F8B2291ABD5500E02F6D /* PersonalSliderView.swift in Sources */,
				CA50EF3A291D77FD00F3955E /* PersonalInfoViewModel.swift in Sources */,
				CABE30F5292F8FA20038A999 /* StringExtension.swift in Sources */,
				CA50EF4729213A6D00F3955E /* ActivityViewModel.swift in Sources */,
				CA50EF2E291D0A5600F3955E /* StatusBuild.swift in Sources */,
				CA94F89A291A88E400E02F6D /* ProfileInfoView.swift in Sources */,
				CA7D04AF29253C54009620F5 /* StatusProgressView.swift in Sources */,
				CA2A4192291A33070089A2E4 /* BaseRouter.swift in Sources */,
				CA2A41A2291A4EFC0089A2E4 /* BaseTabBarViewController.swift in Sources */,
				CA94F897291A88BD00E02F6D /* ProfileViewController.swift in Sources */,
				CA94F8E1291CDBB300E02F6D /* ActivityRouter.swift in Sources */,
				CA94F8A5291AA7E700E02F6D /* PersonalnfoBuild.swift in Sources */,
				CA50EF3E291D79D300F3955E /* ProfileViewModel.swift in Sources */,
				CABE30EA292AC4680038A999 /* SplashRouter.swift in Sources */,
				CA94F8D2291BE7B200E02F6D /* BaseViewController.swift in Sources */,
				CA50EF36291D1AC300F3955E /* HealthManager.swift in Sources */,
				CA520C3229222169002D6400 /* HomeViewModel.swift in Sources */,
				CA94F8A7291AA80700E02F6D /* PersonalViewController.swift in Sources */,
				CA7D04BA29262448009620F5 /* SplashViewController.swift in Sources */,
				CA9CCB99291A791D00DE18ED /* WalkView.swift in Sources */,
				CA94F895291A88A200E02F6D /* ProfileRouter.swift in Sources */,
				CA2A41A8291A51540089A2E4 /* MainTabBarBuild.swift in Sources */,
				CABE30D72928F6FB0038A999 /* OnboardingBuild.swift in Sources */,
				CA50EF34291D0A6900F3955E /* StatusView.swift in Sources */,
				CA7D04AD29253A7C009620F5 /* ProgressCell.swift in Sources */,
				CA2A4194291A3FBA0089A2E4 /* BaseController.swift in Sources */,
				CA94F8D3291BE7B200E02F6D /* BaseProtocol.swift in Sources */,
				CABE30F829326CF10038A999 /* WalkRouter.swift in Sources */,
				CA94F8D1291BE7B200E02F6D /* BaseView.swift in Sources */,
				CABE30F1292E612F0038A999 /* StatusViewModel.swift in Sources */,
				CABE30E8292A17990038A999 /* CustomPageControl.swift in Sources */,
				CABE30D52928F6C60038A999 /* OnboardingViewModel.swift in Sources */,
				CABE30E6292913890038A999 /* BaseClearButton.swift in Sources */,
				CA50EF41291D7FD300F3955E /* DoubleExtension.swift in Sources */,
				CABE30FE29326D310038A999 /* WalkViewController.swift in Sources */,
				CA50EF45291F700200F3955E /* InfoGraphView.swift in Sources */,
				CA94F8A9291AA80D00E02F6D /* PersonalRouter.swift in Sources */,
				CA7D04BE29262453009620F5 /* SplashBuild.swift in Sources */,
				CA2A41A4291A4F450089A2E4 /* MainTabBarViewController.swift in Sources */,
				CA94F8D7291BE7D700E02F6D /* UIViewExtension.swift in Sources */,
				CABE30FC29326D2A0038A999 /* WalkViewModel.swift in Sources */,
				CABE30E4292911120038A999 /* OnboardingCell.swift in Sources */,
				CA7D04B129253CF3009620F5 /* UICollectionViewExtension.swift in Sources */,
				CAFB8A6A2919A3C7004BF972 /* AppDelegate.swift in Sources */,
				CA2A418D291A32670089A2E4 /* HomeBuild.swift in Sources */,
				CABE30D92928FAB20038A999 /* OnboardingViewController.swift in Sources */,
				CABE30FA29326D240038A999 /* WalkBuild.swift in Sources */,
				CABE30ED292D140F0038A999 /* HeightWeightType.swift in Sources */,
				CABE30E1292908BC0038A999 /* R.generated.swift in Sources */,
				CAFB8A6C2919A3C7004BF972 /* SceneDelegate.swift in Sources */,
				CA7D04C4292639B1009620F5 /* AppBuilder.swift in Sources */,
				CA94F89C291A921B00E02F6D /* ProfileMeasureView.swift in Sources */,
				CA94F8DF291CDBAB00E02F6D /* ActivityBuild.swift in Sources */,
				CA94F893291A889000E02F6D /* ProfileBuild.swift in Sources */,
				CABE30D32928F6790038A999 /* OnboardingRouter.swift in Sources */,
				CA94F8E3291CDBBD00E02F6D /* ActivityViewController.swift in Sources */,
				CA50EF32291D0A6400F3955E /* StatusRouter.swift in Sources */,
				CA94F8D4291BE7B200E02F6D /* BaseButton.swift in Sources */,
				CA7D04C22926388B009620F5 /* UserDefaultStorage.swift in Sources */,
				CA50EF30291D0A5D00F3955E /* StatusViewController.swift in Sources */,
				CA2A418B291A32630089A2E4 /* HomeViewController.swift in Sources */,
			);
			runOnlyForDeploymentPostprocessing = 0;
		};
/* End PBXSourcesBuildPhase section */

/* Begin PBXVariantGroup section */
		CAFB8A742919A3C8004BF972 /* LaunchScreen.storyboard */ = {
			isa = PBXVariantGroup;
			children = (
				CAFB8A752919A3C8004BF972 /* Base */,
			);
			name = LaunchScreen.storyboard;
			sourceTree = "<group>";
		};
/* End PBXVariantGroup section */

/* Begin XCBuildConfiguration section */
		CAFB8A782919A3C8004BF972 /* Debug */ = {
			isa = XCBuildConfiguration;
			buildSettings = {
				ALWAYS_SEARCH_USER_PATHS = NO;
				CLANG_ANALYZER_NONNULL = YES;
				CLANG_ANALYZER_NUMBER_OBJECT_CONVERSION = YES_AGGRESSIVE;
				CLANG_CXX_LANGUAGE_STANDARD = "gnu++20";
				CLANG_ENABLE_MODULES = YES;
				CLANG_ENABLE_OBJC_ARC = YES;
				CLANG_ENABLE_OBJC_WEAK = YES;
				CLANG_WARN_BLOCK_CAPTURE_AUTORELEASING = YES;
				CLANG_WARN_BOOL_CONVERSION = YES;
				CLANG_WARN_COMMA = YES;
				CLANG_WARN_CONSTANT_CONVERSION = YES;
				CLANG_WARN_DEPRECATED_OBJC_IMPLEMENTATIONS = YES;
				CLANG_WARN_DIRECT_OBJC_ISA_USAGE = YES_ERROR;
				CLANG_WARN_DOCUMENTATION_COMMENTS = YES;
				CLANG_WARN_EMPTY_BODY = YES;
				CLANG_WARN_ENUM_CONVERSION = YES;
				CLANG_WARN_INFINITE_RECURSION = YES;
				CLANG_WARN_INT_CONVERSION = YES;
				CLANG_WARN_NON_LITERAL_NULL_CONVERSION = YES;
				CLANG_WARN_OBJC_IMPLICIT_RETAIN_SELF = YES;
				CLANG_WARN_OBJC_LITERAL_CONVERSION = YES;
				CLANG_WARN_OBJC_ROOT_CLASS = YES_ERROR;
				CLANG_WARN_QUOTED_INCLUDE_IN_FRAMEWORK_HEADER = YES;
				CLANG_WARN_RANGE_LOOP_ANALYSIS = YES;
				CLANG_WARN_STRICT_PROTOTYPES = YES;
				CLANG_WARN_SUSPICIOUS_MOVE = YES;
				CLANG_WARN_UNGUARDED_AVAILABILITY = YES_AGGRESSIVE;
				CLANG_WARN_UNREACHABLE_CODE = YES;
				CLANG_WARN__DUPLICATE_METHOD_MATCH = YES;
				COPY_PHASE_STRIP = NO;
				DEBUG_INFORMATION_FORMAT = dwarf;
				ENABLE_STRICT_OBJC_MSGSEND = YES;
				ENABLE_TESTABILITY = YES;
				GCC_C_LANGUAGE_STANDARD = gnu11;
				GCC_DYNAMIC_NO_PIC = NO;
				GCC_NO_COMMON_BLOCKS = YES;
				GCC_OPTIMIZATION_LEVEL = 0;
				GCC_PREPROCESSOR_DEFINITIONS = (
					"DEBUG=1",
					"$(inherited)",
				);
				GCC_WARN_64_TO_32_BIT_CONVERSION = YES;
				GCC_WARN_ABOUT_RETURN_TYPE = YES_ERROR;
				GCC_WARN_UNDECLARED_SELECTOR = YES;
				GCC_WARN_UNINITIALIZED_AUTOS = YES_AGGRESSIVE;
				GCC_WARN_UNUSED_FUNCTION = YES;
				GCC_WARN_UNUSED_VARIABLE = YES;
				IPHONEOS_DEPLOYMENT_TARGET = 14.0;
				MTL_ENABLE_DEBUG_INFO = INCLUDE_SOURCE;
				MTL_FAST_MATH = YES;
				ONLY_ACTIVE_ARCH = YES;
				SDKROOT = iphoneos;
				SWIFT_ACTIVE_COMPILATION_CONDITIONS = DEBUG;
				SWIFT_OPTIMIZATION_LEVEL = "-Onone";
			};
			name = Debug;
		};
		CAFB8A792919A3C8004BF972 /* Release */ = {
			isa = XCBuildConfiguration;
			buildSettings = {
				ALWAYS_SEARCH_USER_PATHS = NO;
				CLANG_ANALYZER_NONNULL = YES;
				CLANG_ANALYZER_NUMBER_OBJECT_CONVERSION = YES_AGGRESSIVE;
				CLANG_CXX_LANGUAGE_STANDARD = "gnu++20";
				CLANG_ENABLE_MODULES = YES;
				CLANG_ENABLE_OBJC_ARC = YES;
				CLANG_ENABLE_OBJC_WEAK = YES;
				CLANG_WARN_BLOCK_CAPTURE_AUTORELEASING = YES;
				CLANG_WARN_BOOL_CONVERSION = YES;
				CLANG_WARN_COMMA = YES;
				CLANG_WARN_CONSTANT_CONVERSION = YES;
				CLANG_WARN_DEPRECATED_OBJC_IMPLEMENTATIONS = YES;
				CLANG_WARN_DIRECT_OBJC_ISA_USAGE = YES_ERROR;
				CLANG_WARN_DOCUMENTATION_COMMENTS = YES;
				CLANG_WARN_EMPTY_BODY = YES;
				CLANG_WARN_ENUM_CONVERSION = YES;
				CLANG_WARN_INFINITE_RECURSION = YES;
				CLANG_WARN_INT_CONVERSION = YES;
				CLANG_WARN_NON_LITERAL_NULL_CONVERSION = YES;
				CLANG_WARN_OBJC_IMPLICIT_RETAIN_SELF = YES;
				CLANG_WARN_OBJC_LITERAL_CONVERSION = YES;
				CLANG_WARN_OBJC_ROOT_CLASS = YES_ERROR;
				CLANG_WARN_QUOTED_INCLUDE_IN_FRAMEWORK_HEADER = YES;
				CLANG_WARN_RANGE_LOOP_ANALYSIS = YES;
				CLANG_WARN_STRICT_PROTOTYPES = YES;
				CLANG_WARN_SUSPICIOUS_MOVE = YES;
				CLANG_WARN_UNGUARDED_AVAILABILITY = YES_AGGRESSIVE;
				CLANG_WARN_UNREACHABLE_CODE = YES;
				CLANG_WARN__DUPLICATE_METHOD_MATCH = YES;
				COPY_PHASE_STRIP = NO;
				DEBUG_INFORMATION_FORMAT = "dwarf-with-dsym";
				ENABLE_NS_ASSERTIONS = NO;
				ENABLE_STRICT_OBJC_MSGSEND = YES;
				GCC_C_LANGUAGE_STANDARD = gnu11;
				GCC_NO_COMMON_BLOCKS = YES;
				GCC_WARN_64_TO_32_BIT_CONVERSION = YES;
				GCC_WARN_ABOUT_RETURN_TYPE = YES_ERROR;
				GCC_WARN_UNDECLARED_SELECTOR = YES;
				GCC_WARN_UNINITIALIZED_AUTOS = YES_AGGRESSIVE;
				GCC_WARN_UNUSED_FUNCTION = YES;
				GCC_WARN_UNUSED_VARIABLE = YES;
				IPHONEOS_DEPLOYMENT_TARGET = 14.0;
				MTL_ENABLE_DEBUG_INFO = NO;
				MTL_FAST_MATH = YES;
				SDKROOT = iphoneos;
				SWIFT_COMPILATION_MODE = wholemodule;
				SWIFT_OPTIMIZATION_LEVEL = "-O";
				VALIDATE_PRODUCT = YES;
			};
			name = Release;
		};
		CAFB8A7B2919A3C8004BF972 /* Debug */ = {
			isa = XCBuildConfiguration;
			baseConfigurationReference = 17B18C4568A42EF92ACE0648 /* Pods-HealthActivity.debug.xcconfig */;
			buildSettings = {
				ASSETCATALOG_COMPILER_APPICON_NAME = AppIcon;
				ASSETCATALOG_COMPILER_GLOBAL_ACCENT_COLOR_NAME = AccentColor;
				CODE_SIGN_ENTITLEMENTS = HealthActivity/HealthActivity.entitlements;
				CODE_SIGN_STYLE = Automatic;
				CURRENT_PROJECT_VERSION = 1;
				DEVELOPMENT_TEAM = L788L42PRY;
				GENERATE_INFOPLIST_FILE = YES;
				INFOPLIST_FILE = HealthActivity/Info.plist;
				INFOPLIST_KEY_NSHealthShareUsageDescription = "Please allow to use your health parameters";
				INFOPLIST_KEY_NSHealthUpdateUsageDescription = "Please allow to use your health parameters";
				INFOPLIST_KEY_UIApplicationSupportsIndirectInputEvents = YES;
				INFOPLIST_KEY_UILaunchStoryboardName = LaunchScreen;
				INFOPLIST_KEY_UISupportedInterfaceOrientations = UIInterfaceOrientationPortrait;
				INFOPLIST_KEY_UISupportedInterfaceOrientations_iPad = "UIInterfaceOrientationLandscapeLeft UIInterfaceOrientationLandscapeRight UIInterfaceOrientationPortrait UIInterfaceOrientationPortraitUpsideDown";
				IPHONEOS_DEPLOYMENT_TARGET = 14.0;
				LD_RUNPATH_SEARCH_PATHS = (
					"$(inherited)",
					"@executable_path/Frameworks",
				);
				MARKETING_VERSION = 1.0;
				PRODUCT_BUNDLE_IDENTIFIER = hidayat.kg;
				PRODUCT_NAME = "$(TARGET_NAME)";
				SUPPORTED_PLATFORMS = "iphoneos iphonesimulator";
				SUPPORTS_MACCATALYST = NO;
				SUPPORTS_MAC_DESIGNED_FOR_IPHONE_IPAD = NO;
				SWIFT_EMIT_LOC_STRINGS = YES;
				SWIFT_VERSION = 5.0;
				TARGETED_DEVICE_FAMILY = 1;
			};
			name = Debug;
		};
		CAFB8A7C2919A3C8004BF972 /* Release */ = {
			isa = XCBuildConfiguration;
			baseConfigurationReference = F44E9F9D1DEF3D4D1AB9FD27 /* Pods-HealthActivity.release.xcconfig */;
			buildSettings = {
				ASSETCATALOG_COMPILER_APPICON_NAME = AppIcon;
				ASSETCATALOG_COMPILER_GLOBAL_ACCENT_COLOR_NAME = AccentColor;
				CODE_SIGN_ENTITLEMENTS = HealthActivity/HealthActivity.entitlements;
				CODE_SIGN_STYLE = Automatic;
				CURRENT_PROJECT_VERSION = 1;
				DEVELOPMENT_TEAM = L788L42PRY;
				GENERATE_INFOPLIST_FILE = YES;
				INFOPLIST_FILE = HealthActivity/Info.plist;
				INFOPLIST_KEY_NSHealthShareUsageDescription = "Please allow to use your health parameters";
				INFOPLIST_KEY_NSHealthUpdateUsageDescription = "Please allow to use your health parameters";
				INFOPLIST_KEY_UIApplicationSupportsIndirectInputEvents = YES;
				INFOPLIST_KEY_UILaunchStoryboardName = LaunchScreen;
				INFOPLIST_KEY_UISupportedInterfaceOrientations = UIInterfaceOrientationPortrait;
				INFOPLIST_KEY_UISupportedInterfaceOrientations_iPad = "UIInterfaceOrientationLandscapeLeft UIInterfaceOrientationLandscapeRight UIInterfaceOrientationPortrait UIInterfaceOrientationPortraitUpsideDown";
				IPHONEOS_DEPLOYMENT_TARGET = 14.0;
				LD_RUNPATH_SEARCH_PATHS = (
					"$(inherited)",
					"@executable_path/Frameworks",
				);
				MARKETING_VERSION = 1.0;
				PRODUCT_BUNDLE_IDENTIFIER = hidayat.kg;
				PRODUCT_NAME = "$(TARGET_NAME)";
				SUPPORTED_PLATFORMS = "iphoneos iphonesimulator";
				SUPPORTS_MACCATALYST = NO;
				SUPPORTS_MAC_DESIGNED_FOR_IPHONE_IPAD = NO;
				SWIFT_EMIT_LOC_STRINGS = YES;
				SWIFT_VERSION = 5.0;
				TARGETED_DEVICE_FAMILY = 1;
			};
			name = Release;
		};
/* End XCBuildConfiguration section */

/* Begin XCConfigurationList section */
		CAFB8A612919A3C7004BF972 /* Build configuration list for PBXProject "HealthActivity" */ = {
			isa = XCConfigurationList;
			buildConfigurations = (
				CAFB8A782919A3C8004BF972 /* Debug */,
				CAFB8A792919A3C8004BF972 /* Release */,
			);
			defaultConfigurationIsVisible = 0;
			defaultConfigurationName = Release;
		};
		CAFB8A7A2919A3C8004BF972 /* Build configuration list for PBXNativeTarget "HealthActivity" */ = {
			isa = XCConfigurationList;
			buildConfigurations = (
				CAFB8A7B2919A3C8004BF972 /* Debug */,
				CAFB8A7C2919A3C8004BF972 /* Release */,
			);
			defaultConfigurationIsVisible = 0;
			defaultConfigurationName = Release;
		};
/* End XCConfigurationList section */
	};
	rootObject = CAFB8A5E2919A3C7004BF972 /* Project object */;
}
